[[package]]
name = "anyascii"
version = "0.1.7"
description = "Unicode to ASCII transliteration"
category = "main"
optional = false
python-versions = ">=3.3"

[[package]]
name = "asgiref"
version = "3.3.1"
description = "ASGI specs, helper code, and adapters"
category = "main"
optional = false
python-versions = ">=3.5"

[package.extras]
tests = ["pytest", "pytest-asyncio"]

[[package]]
name = "beautifulsoup4"
version = "4.8.2"
description = "Screen-scraping library"
category = "main"
optional = false
python-versions = "*"

[package.dependencies]
soupsieve = ">=1.2"

[package.extras]
html5lib = ["html5lib"]
lxml = ["lxml"]

[[package]]
name = "certifi"
version = "2020.12.5"
description = "Python package for providing Mozilla's CA Bundle."
category = "main"
optional = false
python-versions = "*"

[[package]]
name = "chardet"
version = "4.0.0"
description = "Universal encoding detector for Python 2 and 3"
category = "main"
optional = false
python-versions = ">=2.7, !=3.0.*, !=3.1.*, !=3.2.*, !=3.3.*, !=3.4.*"

[[package]]
name = "comments-wagtail-xtd"
version = "1.0.1"
description = ""
category = "main"
optional = false
python-versions = ">=3"

[package.dependencies]
Django = ">=2.0.0"
django-comments-xtd = ">=2.2.1"
wagtail = ">2.2"
wagtailfontawesome = ">=1.1.3"

[[package]]
name = "django"
version = "3.1.5"
description = "A high-level Python Web framework that encourages rapid development and clean, pragmatic design."
category = "main"
optional = false
python-versions = ">=3.6"

[package.dependencies]
asgiref = ">=3.2.10,<4"
pytz = "*"
sqlparse = ">=0.2.2"

[package.extras]
argon2 = ["argon2-cffi (>=16.1.0)"]
bcrypt = ["bcrypt"]

[[package]]
name = "django-appconf"
version = "1.0.4"
description = "A helper class for handling configuration defaults of packaged apps gracefully."
category = "main"
optional = false
python-versions = "*"

[package.dependencies]
django = "*"

[[package]]
name = "django-capture-tag"
version = "1.0"
description = "A micro-library to capture output in Django templates"
category = "main"
optional = false
python-versions = "*"

[[package]]
name = "django-comments-xtd"
version = "2.8.1"
description = "Django Comments Framework extension app with thread support, follow up notifications and email confirmations."
category = "main"
optional = false
python-versions = "*"

[package.dependencies]
Django = ">=2.2"
django-contrib-comments = ">=1.9"
djangorestframework = ">=3.9"
docutils = "*"
six = "*"

[[package]]
name = "django-compressor"
version = "2.4"
description = "Compresses linked and inline JavaScript or CSS into single cached files."
category = "main"
optional = false
python-versions = "*"

[package.dependencies]
django-appconf = ">=1.0.3"
rcssmin = "1.0.6"
rjsmin = "1.1.0"
six = ">=1.12.0"

[[package]]
name = "django-contrib-comments"
version = "2.0.0"
description = "The code formerly known as django.contrib.comments."
category = "main"
optional = false
python-versions = "*"

[package.dependencies]
Django = ">=1.11"

[[package]]
name = "django-dbbackup"
version = "3.3.0"
description = "Management commands to help backup and restore a project database and media"
category = "main"
optional = false
python-versions = "*"

[package.dependencies]
Django = ">=1.5"
pytz = "*"
six = "*"

[[package]]
name = "django-debug-toolbar"
version = "2.2"
description = "A configurable set of panels that display various debug information about the current request/response."
category = "main"
optional = false
python-versions = ">=3.5"

[package.dependencies]
Django = ">=1.11"
sqlparse = ">=0.2.0"

[[package]]
name = "django-debugtools"
version = "1.8"
description = "A toolbox of small utilities to assist Django development"
category = "main"
optional = false
python-versions = "*"

[[package]]
name = "django-extensions"
version = "3.1.0"
description = "Extensions for Django"
category = "main"
optional = false
python-versions = ">=3.5"

[[package]]
name = "django-filter"
version = "2.4.0"
description = "Django-filter is a reusable Django application for allowing users to filter querysets dynamically."
category = "main"
optional = false
python-versions = ">=3.5"

[package.dependencies]
Django = ">=2.2"

[[package]]
name = "django-libsass"
version = "0.8"
description = "A django-compressor filter to compile SASS files using libsass"
category = "main"
optional = false
python-versions = "*"

[package.dependencies]
django-compressor = ">=1.3"
libsass = ">=0.7.0,<1"

[[package]]
name = "django-markdown2"
version = "0.3.1"
description = "This is a simple app, which supplies a single template tag for markdown markup."
category = "main"
optional = false
python-versions = "*"

[package.dependencies]
markdown2 = "*"

[[package]]
name = "django-modelcluster"
version = "5.1"
description = "Django extension to allow working with 'clusters' of models as a single unit, independently of the database"
category = "main"
optional = false
python-versions = ">=3.5"

[package.dependencies]
pytz = ">=2015.2"

[package.extras]
taggit = ["django-taggit (>=0.20)"]

[[package]]
name = "django-taggit"
version = "1.3.0"
description = "django-taggit is a reusable Django application for simple tagging."
category = "main"
optional = false
python-versions = ">=3.5"

[package.dependencies]
Django = ">=1.11"

[[package]]
name = "django-treebeard"
version = "4.4"
description = "Efficient tree implementations for Django"
category = "main"
optional = false
python-versions = ">=3.6"

[package.dependencies]
Django = ">=2.2"

[[package]]
name = "django-typogrify"
version = "1.3.3"
description = "Make type not look like crap (for django apps)"
category = "main"
optional = false
python-versions = "*"

[package.dependencies]
smartypants = ">=1.8.3"

[[package]]
name = "djangorestframework"
version = "3.12.2"
description = "Web APIs for Django, made easy."
category = "main"
optional = false
python-versions = ">=3.5"

[package.dependencies]
django = ">=2.2"

[[package]]
name = "docutils"
version = "0.16"
description = "Docutils -- Python Documentation Utilities"
category = "main"
optional = false
python-versions = ">=2.7, !=3.0.*, !=3.1.*, !=3.2.*, !=3.3.*, !=3.4.*"

[[package]]
name = "draftjs-exporter"
version = "2.1.7"
description = "Library to convert rich text from Draft.js raw ContentState to HTML"
category = "main"
optional = false
python-versions = "*"

[package.extras]
html5lib = ["beautifulsoup4 (>=4.4.1,<5)", "html5lib (>=0.999,<=1.0.1)"]
lxml = ["lxml (>=4.2.0,<5)"]
testing = ["tox (>=2.3.1)", "markov_draftjs (0.1.1)", "memory-profiler (0.47)", "psutil (5.4.1)", "coverage (>=4.1.0)", "flake8 (>=3.2.0)", "isort (4.2.5)", "beautifulsoup4 (>=4.4.1,<5)", "html5lib (>=0.999,<=1.0.1)", "lxml (>=4.2.0,<5)"]

[[package]]
name = "et-xmlfile"
version = "1.0.1"
description = "An implementation of lxml.xmlfile for the standard library"
category = "main"
optional = false
python-versions = "*"

[[package]]
name = "html5lib"
version = "1.1"
description = "HTML parser based on the WHATWG HTML specification"
category = "main"
optional = false
python-versions = ">=2.7, !=3.0.*, !=3.1.*, !=3.2.*, !=3.3.*, !=3.4.*"

[package.dependencies]
six = ">=1.9"
webencodings = "*"

[package.extras]
all = ["genshi", "chardet (>=2.2)", "lxml"]
chardet = ["chardet (>=2.2)"]
genshi = ["genshi"]
lxml = ["lxml"]

[[package]]
name = "idna"
version = "2.10"
description = "Internationalized Domain Names in Applications (IDNA)"
category = "main"
optional = false
python-versions = ">=2.7, !=3.0.*, !=3.1.*, !=3.2.*, !=3.3.*"

[[package]]
name = "jdcal"
version = "1.4.1"
description = "Julian dates from proleptic Gregorian and Julian calendars."
category = "main"
optional = false
python-versions = "*"

[[package]]
name = "l18n"
version = "2020.6.1"
description = "Internationalization for pytz timezones and territories"
category = "main"
optional = false
python-versions = "*"

[package.dependencies]
pytz = ">=2020.1"
six = "*"

[[package]]
name = "libsass"
version = "0.20.1"
description = "Sass for Python: A straightforward binding of libsass for Python."
category = "main"
optional = false
python-versions = "*"

[package.dependencies]
six = "*"

[[package]]
name = "markdown2"
version = "2.4.0"
description = "A fast and complete Python implementation of Markdown"
category = "main"
optional = false
python-versions = ">=3.5, <4"

[[package]]
name = "openpyxl"
version = "3.0.6"
description = "A Python library to read/write Excel 2010 xlsx/xlsm files"
category = "main"
optional = false
python-versions = ">=3.6,"

[package.dependencies]
et-xmlfile = "*"
jdcal = "*"

[[package]]
name = "pillow"
version = "8.1.0"
description = "Python Imaging Library (Fork)"
category = "main"
optional = false
python-versions = ">=3.6"

[[package]]
name = "psycopg2"
version = "2.8.6"
description = "psycopg2 - Python-PostgreSQL Database Adapter"
category = "main"
optional = false
python-versions = ">=2.7,!=3.0.*,!=3.1.*,!=3.2.*,!=3.3.*"

[[package]]
name = "python-dateutil"
version = "2.8.1"
description = "Extensions to the standard Python datetime module"
category = "main"
optional = false
python-versions = "!=3.0.*,!=3.1.*,!=3.2.*,>=2.7"

[package.dependencies]
six = ">=1.5"

[[package]]
name = "pytz"
version = "2020.5"
description = "World timezone definitions, modern and historical"
category = "main"
optional = false
python-versions = "*"

[[package]]
name = "rcssmin"
version = "1.0.6"
description = "CSS Minifier"
category = "main"
optional = false
python-versions = "*"

[[package]]
name = "requests"
version = "2.25.1"
description = "Python HTTP for Humans."
category = "main"
optional = false
python-versions = ">=2.7, !=3.0.*, !=3.1.*, !=3.2.*, !=3.3.*, !=3.4.*"

[package.dependencies]
certifi = ">=2017.4.17"
chardet = ">=3.0.2,<5"
idna = ">=2.5,<3"
urllib3 = ">=1.21.1,<1.27"

[package.extras]
security = ["pyOpenSSL (>=0.14)", "cryptography (>=1.3.4)"]
socks = ["PySocks (>=1.5.6,<1.5.7 || >1.5.7)", "win-inet-pton"]

[[package]]
name = "rjsmin"
version = "1.1.0"
description = "Javascript Minifier"
category = "main"
optional = false
python-versions = "*"

[[package]]
name = "six"
version = "1.15.0"
description = "Python 2 and 3 compatibility utilities"
category = "main"
optional = false
python-versions = ">=2.7, !=3.0.*, !=3.1.*, !=3.2.*"

[[package]]
name = "smartypants"
version = "2.0.1"
description = "Python with the SmartyPants"
category = "main"
optional = false
python-versions = "*"

[[package]]
name = "soupsieve"
version = "2.1"
description = "A modern CSS selector implementation for Beautiful Soup."
category = "main"
optional = false
python-versions = ">=3.5"

[[package]]
name = "sqlparse"
version = "0.4.1"
description = "A non-validating SQL parser."
category = "main"
optional = false
python-versions = ">=3.5"

[[package]]
name = "tablib"
version = "3.0.0"
description = "Format agnostic tabular data library (XLS, JSON, YAML, CSV)"
category = "main"
optional = false
python-versions = ">=3.6"

[package.dependencies]
openpyxl = {version = ">=2.6.0", optional = true, markers = "extra == \"xlsx\""}
xlrd = {version = "*", optional = true, markers = "extra == \"xls\""}
xlwt = {version = "*", optional = true, markers = "extra == \"xls\""}

[package.extras]
all = ["markuppy", "odfpy", "openpyxl (>=2.6.0)", "pandas", "pyyaml", "tabulate", "xlrd", "xlwt"]
cli = ["tabulate"]
html = ["markuppy"]
ods = ["odfpy"]
pandas = ["pandas"]
xls = ["xlrd", "xlwt"]
xlsx = ["openpyxl (>=2.6.0)"]
yaml = ["pyyaml"]

[[package]]
name = "unidecode"
version = "1.1.2"
description = "ASCII transliterations of Unicode text"
category = "main"
optional = false
python-versions = ">=2.7, !=3.0.*, !=3.1.*, !=3.2.*, !=3.3.*"

[[package]]
name = "urllib3"
version = "1.26.2"
description = "HTTP library with thread-safe connection pooling, file post, and more."
category = "main"
optional = false
python-versions = ">=2.7, !=3.0.*, !=3.1.*, !=3.2.*, !=3.3.*, !=3.4.*, <4"

[package.extras]
brotli = ["brotlipy (>=0.6.0)"]
secure = ["pyOpenSSL (>=0.14)", "cryptography (>=1.3.4)", "idna (>=2.0.0)", "certifi", "ipaddress"]
socks = ["PySocks (>=1.5.6,<1.5.7 || >1.5.7,<2.0)"]

[[package]]
name = "wagtail"
version = "2.11.3"
description = "A Django content management system."
category = "main"
optional = false
python-versions = ">=3.6"

[package.dependencies]
anyascii = ">=0.1.5"
beautifulsoup4 = ">=4.8,<4.9"
Django = ">=2.2,<3.2"
django-filter = ">=2.2,<3.0"
django-modelcluster = ">=5.1,<6.0"
django-taggit = ">=1.0,<2.0"
django-treebeard = ">=4.2.0,<5.0"
djangorestframework = ">=3.11.1,<4.0"
draftjs-exporter = ">=2.1.5,<3.0"
html5lib = ">=0.999,<2"
l18n = ">=2018.5"
Pillow = ">=4.0.0,<9.0.0"
requests = ">=2.11.1,<3.0"
tablib = {version = ">=0.14.0", extras = ["xls", "xlsx"]}
Unidecode = ">=0.04.14,<2.0"
Willow = ">=1.4,<1.5"
xlsxwriter = ">=1.2.8,<2.0"

[package.extras]
docs = ["pyenchant (>=3.1.1,<4)", "sphinxcontrib-spelling (>=5.4.0,<6)", "Sphinx (>=1.5.2)", "sphinx-autobuild (>=0.6.0)", "sphinx-rtd-theme (>=0.1.9)"]
testing = ["python-dateutil (>=2.2)", "pytz (>=2014.7)", "elasticsearch (>=1.0.0,<3.0)", "Jinja2 (>=2.8,<3.0)", "boto3 (>=1.4,<1.5)", "freezegun (>=0.3.8)", "openpyxl (>=2.6.4)", "coverage (>=3.7.0)", "flake8 (>=3.6.0)", "isort (5.6.4)", "flake8-blind-except (0.1.1)", "flake8-print (2.0.2)", "doc8 (0.8.1)", "jinjalint (>=0.5)", "docutils (0.15)", "django-taggit (>=1.3.0,<2.0)"]

[[package]]
name = "wagtail-cache"
version = "1.0.1"
description = "A simple page cache for Wagtail based on the Django cache middleware."
category = "main"
optional = false
python-versions = "*"

[package.dependencies]
wagtail = ">=2.0"

[[package]]
name = "wagtailfontawesome"
version = "1.2.1"
description = "Add FontAwesome icons to StreamField."
category = "main"
optional = false
python-versions = "*"

[package.dependencies]
Django = ">=1.7.1"
wagtail = ">=1.4.0"

[[package]]
name = "wagtailmedia"
version = "0.6.0"
description = "A module for Wagtail that provides functionality similar to wagtail.documents module, but for audio and video files."
category = "main"
optional = false
python-versions = "*"

[package.dependencies]
wagtail = ">=2.2"

[package.extras]
testing = ["mock (>=1.0.0)", "coverage (>=3.7.0)", "flake8 (>=2.2.0)", "isort", "tox (3.9.0)", "psycopg2-binary", "django-redis-cache"]

[[package]]
name = "webencodings"
version = "0.5.1"
description = "Character encoding aliases for legacy web content"
category = "main"
optional = false
python-versions = "*"

[[package]]
name = "werkzeug"
version = "1.0.1"
description = "The comprehensive WSGI web application library."
category = "main"
optional = false
python-versions = ">=2.7, !=3.0.*, !=3.1.*, !=3.2.*, !=3.3.*, !=3.4.*"

[package.extras]
dev = ["pytest", "pytest-timeout", "coverage", "tox", "sphinx", "pallets-sphinx-themes", "sphinx-issues"]
watchdog = ["watchdog"]

[[package]]
name = "willow"
version = "1.4"
description = "A Python image library that sits on top of Pillow, Wand and OpenCV"
category = "main"
optional = false
python-versions = "*"

[[package]]
name = "xlrd"
version = "2.0.1"
description = "Library for developers to extract data from Microsoft Excel (tm) .xls spreadsheet files"
category = "main"
optional = false
python-versions = ">=2.7, !=3.0.*, !=3.1.*, !=3.2.*, !=3.3.*, !=3.4.*, !=3.5.*"

[package.extras]
build = ["wheel", "twine"]
docs = ["sphinx"]
test = ["pytest", "pytest-cov"]

[[package]]
name = "xlsxwriter"
version = "1.3.7"
description = "A Python module for creating Excel XLSX files."
category = "main"
optional = false
python-versions = "*"

[[package]]
name = "xlwt"
version = "1.3.0"
description = "Library to create spreadsheet files compatible with MS Excel 97/2000/XP/2003 XLS files, on any platform, with Python 2.6, 2.7, 3.3+"
category = "main"
optional = false
python-versions = "*"

[metadata]
lock-version = "1.1"
python-versions = "^3.6"
content-hash = "a69496229594f45ddd23f686995d19f35c2c26b1e626993b00ad2b5a8337f3d4"

[metadata.files]
anyascii = [
    {file = "anyascii-0.1.7-py3-none-any.whl", hash = "sha256:f100a4f716867bcf0a3b05d8a183dd122fc1d55304a10127bee256e602452d61"},
    {file = "anyascii-0.1.7.tar.gz", hash = "sha256:d0eb076933a9eaf1138cb365a5e2e35360ffbbf3200bf33419aaa17d5f8599f5"},
]
asgiref = [
    {file = "asgiref-3.3.1-py3-none-any.whl", hash = "sha256:5ee950735509d04eb673bd7f7120f8fa1c9e2df495394992c73234d526907e17"},
    {file = "asgiref-3.3.1.tar.gz", hash = "sha256:7162a3cb30ab0609f1a4c95938fd73e8604f63bdba516a7f7d64b83ff09478f0"},
]
beautifulsoup4 = [
    {file = "beautifulsoup4-4.8.2-py2-none-any.whl", hash = "sha256:e1505eeed31b0f4ce2dbb3bc8eb256c04cc2b3b72af7d551a4ab6efd5cbe5dae"},
    {file = "beautifulsoup4-4.8.2-py3-none-any.whl", hash = "sha256:9fbb4d6e48ecd30bcacc5b63b94088192dcda178513b2ae3c394229f8911b887"},
    {file = "beautifulsoup4-4.8.2.tar.gz", hash = "sha256:05fd825eb01c290877657a56df4c6e4c311b3965bda790c613a3d6fb01a5462a"},
]
certifi = [
    {file = "certifi-2020.12.5-py2.py3-none-any.whl", hash = "sha256:719a74fb9e33b9bd44cc7f3a8d94bc35e4049deebe19ba7d8e108280cfd59830"},
    {file = "certifi-2020.12.5.tar.gz", hash = "sha256:1a4995114262bffbc2413b159f2a1a480c969de6e6eb13ee966d470af86af59c"},
]
chardet = [
    {file = "chardet-4.0.0-py2.py3-none-any.whl", hash = "sha256:f864054d66fd9118f2e67044ac8981a54775ec5b67aed0441892edb553d21da5"},
    {file = "chardet-4.0.0.tar.gz", hash = "sha256:0d6f53a15db4120f2b08c94f11e7d93d2c911ee118b6b30a04ec3ee8310179fa"},
]
comments-wagtail-xtd = [
    {file = "comments_wagtail_xtd-1.0.1-py3-none-any.whl", hash = "sha256:434fe9f6487e1f7b9514160daa702d279aeeba2fe38f4032e149a564140b31c0"},
    {file = "comments_wagtail_xtd-1.0.1.tar.gz", hash = "sha256:0741b5c9c85b3e48eb472bed65050bc9f4ec07762cd2dc40511aa2a68557039c"},
]
django = [
    {file = "Django-3.1.5-py3-none-any.whl", hash = "sha256:efa2ab96b33b20c2182db93147a0c3cd7769d418926f9e9f140a60dca7c64ca9"},
    {file = "Django-3.1.5.tar.gz", hash = "sha256:2d78425ba74c7a1a74b196058b261b9733a8570782f4e2828974777ccca7edf7"},
]
django-appconf = [
    {file = "django-appconf-1.0.4.tar.gz", hash = "sha256:be58deb54a43d77d2e1621fe59f787681376d3cd0b8bd8e4758ef6c3a6453380"},
    {file = "django_appconf-1.0.4-py2.py3-none-any.whl", hash = "sha256:1b1d0e1069c843ebe8ae5aa48ec52403b1440402b320c3e3a206a0907e97bb06"},
]
django-capture-tag = [
    {file = "django-capture-tag-1.0.tar.gz", hash = "sha256:9c8a531687aac2a705a16a96c33930fb8193c17b641b7c24cd97ff180053d539"},
    {file = "django_capture_tag-1.0-py2.py3-none-any.whl", hash = "sha256:a996f64996830c00641b5b41503c62616f9613a478c84a303fc414e96bfb4891"},
]
django-comments-xtd = [
    {file = "django-comments-xtd-2.8.1.tar.gz", hash = "sha256:fe63df90fe57f8bbc1f9f4c8a1bf48eb572a0df5f559a242bacb55fdf9c30e5d"},
    {file = "django_comments_xtd-2.8.1-py3-none-any.whl", hash = "sha256:7a8c1e07230d0a6fbfb0ca2ea41468f7796394946a376732f9ff9c360e111bb2"},
]
django-compressor = [
    {file = "django_compressor-2.4-py2.py3-none-any.whl", hash = "sha256:57ac0a696d061e5fc6fbc55381d2050f353b973fb97eee5593f39247bc0f30af"},
    {file = "django_compressor-2.4.tar.gz", hash = "sha256:d2ed1c6137ddaac5536233ec0a819e14009553fee0a869bea65d03e5285ba74f"},
]
django-contrib-comments = [
    {file = "django-contrib-comments-2.0.0.tar.gz", hash = "sha256:26350b2c353816570a74b7fb19c558ce00288625ac32886a5274f4f931c098f9"},
    {file = "django_contrib_comments-2.0.0-py3-none-any.whl", hash = "sha256:d15ce050c6b1589ec3086c4f5db3e4dec8adf54bb0d9d6b7efc1372669773752"},
]
django-dbbackup = [
    {file = "django-dbbackup-3.3.0.tar.gz", hash = "sha256:bb109735cae98b64ad084e5b461b7aca2d7b39992f10c9ed9435e3ebb6fb76c8"},
]
django-debug-toolbar = [
    {file = "django-debug-toolbar-2.2.tar.gz", hash = "sha256:eabbefe89881bbe4ca7c980ff102e3c35c8e8ad6eb725041f538988f2f39a943"},
    {file = "django_debug_toolbar-2.2-py3-none-any.whl", hash = "sha256:ff94725e7aae74b133d0599b9bf89bd4eb8f5d2c964106e61d11750228c8774c"},
]
django-debugtools = [
    {file = "django-debugtools-1.8.tar.gz", hash = "sha256:1e0301a7934956575d8764eb4b704f47dbb467f27cc7efad4f75cabb7b441bb4"},
    {file = "django_debugtools-1.8-py2.py3-none-any.whl", hash = "sha256:a2d4bffde49952713d150489694e60bd10bc72ad1adf1f0f03949ed0553d1b2f"},
]
django-extensions = [
    {file = "django-extensions-3.1.0.tar.gz", hash = "sha256:7cd002495ff0a0e5eb6cdd6be759600905b4e4079232ea27618fc46bdd853651"},
    {file = "django_extensions-3.1.0-py3-none-any.whl", hash = "sha256:c7f88625a53f631745d4f2bef9ec4dcb999ed59476393bdbbe99db8596778846"},
]
django-filter = [
    {file = "django-filter-2.4.0.tar.gz", hash = "sha256:84e9d5bb93f237e451db814ed422a3a625751cbc9968b484ecc74964a8696b06"},
    {file = "django_filter-2.4.0-py3-none-any.whl", hash = "sha256:e00d32cebdb3d54273c48f4f878f898dced8d5dfaad009438fe61ebdf535ace1"},
]
django-libsass = [
    {file = "django-libsass-0.8.tar.gz", hash = "sha256:38fab4ce1245542f3afd7248dc48f8a0b261f5f6c61e7cc43969a9c9079b5ffd"},
    {file = "django_libsass-0.8-py3-none-any.whl", hash = "sha256:3e74fd8e75ac0e6ebc0443efc3e530167981bf279fecc2294094c820ae266fbb"},
]
django-markdown2 = [
    {file = "django-markdown2-0.3.1.tar.gz", hash = "sha256:f04748d56788f6291d8d35f0e53a58530e1c0b34981b046883b319b64c8117e2"},
]
django-modelcluster = [
    {file = "django-modelcluster-5.1.tar.gz", hash = "sha256:783d177f7bf5c8f30fe365c347b9a032920de371fe1c63d955d7b283684d4c08"},
    {file = "django_modelcluster-5.1-py2.py3-none-any.whl", hash = "sha256:d4a0f90e85ae1a193f417e149b6b01d0b2a867dcf97f7fae1d34a4363a9d7baa"},
]
django-taggit = [
    {file = "django-taggit-1.3.0.tar.gz", hash = "sha256:4a833bf71f4c2deddd9745924eee53be1c075d7f0020a06f12e29fa3d752732d"},
    {file = "django_taggit-1.3.0-py3-none-any.whl", hash = "sha256:609b0223d8a652f3fae088b7fd29f294fdadaca2d7931d45c27d6c59b02fdf31"},
]
django-treebeard = [
    {file = "django-treebeard-4.4.tar.gz", hash = "sha256:f50e4eea146f7af6702decf7ef198ac1eee1fb9bb4af2c5dba276c3c48f76623"},
    {file = "django_treebeard-4.4-py3-none-any.whl", hash = "sha256:214ae3ab331a7de11fb055a2015c201e34f3fa14255b667e1e07752231a7a398"},
]
django-typogrify = [
    {file = "django-typogrify-1.3.3.tar.gz", hash = "sha256:deffbb85ddd0c94bed6063ab7ad241b72e0f3e7c3160d9ea5f6388177901541e"},
]
djangorestframework = [
    {file = "djangorestframework-3.12.2-py3-none-any.whl", hash = "sha256:0209bafcb7b5010fdfec784034f059d512256424de2a0f084cb82b096d6dd6a7"},
]
docutils = [
    {file = "docutils-0.16-py2.py3-none-any.whl", hash = "sha256:0c5b78adfbf7762415433f5515cd5c9e762339e23369dbe8000d84a4bf4ab3af"},
    {file = "docutils-0.16.tar.gz", hash = "sha256:c2de3a60e9e7d07be26b7f2b00ca0309c207e06c100f9cc2a94931fc75a478fc"},
]
draftjs-exporter = [
    {file = "draftjs_exporter-2.1.7.tar.gz", hash = "sha256:5839cbc29d7bce2fb99837a404ca40c3a07313f2a20e2700de7ad6aa9a9a18fb"},
]
et-xmlfile = [
    {file = "et_xmlfile-1.0.1.tar.gz", hash = "sha256:614d9722d572f6246302c4491846d2c393c199cfa4edc9af593437691683335b"},
]
html5lib = [
    {file = "html5lib-1.1-py2.py3-none-any.whl", hash = "sha256:0d78f8fde1c230e99fe37986a60526d7049ed4bf8a9fadbad5f00e22e58e041d"},
    {file = "html5lib-1.1.tar.gz", hash = "sha256:b2e5b40261e20f354d198eae92afc10d750afb487ed5e50f9c4eaf07c184146f"},
]
idna = [
    {file = "idna-2.10-py2.py3-none-any.whl", hash = "sha256:b97d804b1e9b523befed77c48dacec60e6dcb0b5391d57af6a65a312a90648c0"},
    {file = "idna-2.10.tar.gz", hash = "sha256:b307872f855b18632ce0c21c5e45be78c0ea7ae4c15c828c20788b26921eb3f6"},
]
jdcal = [
    {file = "jdcal-1.4.1-py2.py3-none-any.whl", hash = "sha256:1abf1305fce18b4e8aa248cf8fe0c56ce2032392bc64bbd61b5dff2a19ec8bba"},
    {file = "jdcal-1.4.1.tar.gz", hash = "sha256:472872e096eb8df219c23f2689fc336668bdb43d194094b5cc1707e1640acfc8"},
]
l18n = [
    {file = "l18n-2020.6.1.tar.gz", hash = "sha256:ea7a65b2f0935b14601a3295f2c5e5e8b54126dd1e6a7fef4e44d2b8dd5b695a"},
]
libsass = [
    {file = "libsass-0.20.1-cp27-cp27m-macosx_10_14_x86_64.whl", hash = "sha256:4a246e4b88fd279abef8b669206228c92534d96ddcd0770d7012088c408dff23"},
    {file = "libsass-0.20.1-cp27-cp27m-win32.whl", hash = "sha256:697f0f9fa8a1367ca9ec6869437cb235b1c537fc8519983d1d890178614a8903"},
    {file = "libsass-0.20.1-cp27-cp27m-win_amd64.whl", hash = "sha256:1b2d415bbf6fa7da33ef46e549db1418498267b459978eff8357e5e823962d35"},
    {file = "libsass-0.20.1-cp27-cp27mu-manylinux1_x86_64.whl", hash = "sha256:1521d2a8d4b397c6ec90640a1f6b5529077035efc48ef1c2e53095544e713d1b"},
    {file = "libsass-0.20.1-cp36-abi3-macosx_10_14_x86_64.whl", hash = "sha256:2ae806427b28bc1bb7cb0258666d854fcf92ba52a04656b0b17ba5e190fb48a9"},
    {file = "libsass-0.20.1-cp36-abi3-manylinux1_x86_64.whl", hash = "sha256:25ebc2085f5eee574761ccc8d9cd29a9b436fc970546d5ef08c6fa41eb57dff1"},
    {file = "libsass-0.20.1-cp36-cp36m-win32.whl", hash = "sha256:553e5096414a8d4fb48d0a48f5a038d3411abe254d79deac5e008516c019e63a"},
    {file = "libsass-0.20.1-cp36-cp36m-win_amd64.whl", hash = "sha256:e64ae2587f1a683e831409aad03ba547c245ef997e1329fffadf7a866d2510b8"},
    {file = "libsass-0.20.1-cp37-cp37m-win32.whl", hash = "sha256:c9411fec76f480ffbacc97d8188322e02a5abca6fc78e70b86a2a2b421eae8a2"},
    {file = "libsass-0.20.1-cp37-cp37m-win_amd64.whl", hash = "sha256:a8fd4af9f853e8bf42b1425c5e48dd90b504fa2e70d7dac5ac80b8c0a5a5fe85"},
    {file = "libsass-0.20.1-cp38-cp38-win32.whl", hash = "sha256:f6852828e9e104d2ce0358b73c550d26dd86cc3a69439438c3b618811b9584f5"},
    {file = "libsass-0.20.1-cp38-cp38-win_amd64.whl", hash = "sha256:daa98a51086d92aa7e9c8871cf1a8258124b90e2abf4697852a3dca619838618"},
    {file = "libsass-0.20.1.tar.gz", hash = "sha256:e0e60836eccbf2d9e24ec978a805cd6642fa92515fbd95e3493fee276af76f8a"},
]
markdown2 = [
    {file = "markdown2-2.4.0-py2.py3-none-any.whl", hash = "sha256:8d4ef4a2d090c99532069c4611a9a2b9bea6ae1fa29b6c3727c95d1e31a8f6c5"},
    {file = "markdown2-2.4.0.tar.gz", hash = "sha256:28d769f0e544e6f68f684f01e9b186747b079a6927d9ca77ebc8c640a2829b1b"},
]
openpyxl = [
    {file = "openpyxl-3.0.6-py2.py3-none-any.whl", hash = "sha256:1a4b3869c2500b5c713e8e28341cdada49ecfcff1b10cd9006945f5bcefc090d"},
    {file = "openpyxl-3.0.6.tar.gz", hash = "sha256:b229112b46e158b910a5d1b270b212c42773d39cab24e8db527f775b82afc041"},
]
pillow = [
    {file = "Pillow-8.1.0-cp36-cp36m-macosx_10_10_x86_64.whl", hash = "sha256:d355502dce85ade85a2511b40b4c61a128902f246504f7de29bbeec1ae27933a"},
    {file = "Pillow-8.1.0-cp36-cp36m-manylinux1_i686.whl", hash = "sha256:93a473b53cc6e0b3ce6bf51b1b95b7b1e7e6084be3a07e40f79b42e83503fbf2"},
    {file = "Pillow-8.1.0-cp36-cp36m-manylinux1_x86_64.whl", hash = "sha256:2353834b2c49b95e1313fb34edf18fca4d57446675d05298bb694bca4b194174"},
    {file = "Pillow-8.1.0-cp36-cp36m-manylinux2014_aarch64.whl", hash = "sha256:1d208e670abfeb41b6143537a681299ef86e92d2a3dac299d3cd6830d5c7bded"},
    {file = "Pillow-8.1.0-cp36-cp36m-win32.whl", hash = "sha256:dd9eef866c70d2cbbea1ae58134eaffda0d4bfea403025f4db6859724b18ab3d"},
    {file = "Pillow-8.1.0-cp36-cp36m-win_amd64.whl", hash = "sha256:b09e10ec453de97f9a23a5aa5e30b334195e8d2ddd1ce76cc32e52ba63c8b31d"},
    {file = "Pillow-8.1.0-cp37-cp37m-macosx_10_10_x86_64.whl", hash = "sha256:b02a0b9f332086657852b1f7cb380f6a42403a6d9c42a4c34a561aa4530d5234"},
    {file = "Pillow-8.1.0-cp37-cp37m-manylinux1_i686.whl", hash = "sha256:ca20739e303254287138234485579b28cb0d524401f83d5129b5ff9d606cb0a8"},
    {file = "Pillow-8.1.0-cp37-cp37m-manylinux1_x86_64.whl", hash = "sha256:604815c55fd92e735f9738f65dabf4edc3e79f88541c221d292faec1904a4b17"},
    {file = "Pillow-8.1.0-cp37-cp37m-manylinux2014_aarch64.whl", hash = "sha256:cf6e33d92b1526190a1de904df21663c46a456758c0424e4f947ae9aa6088bf7"},
    {file = "Pillow-8.1.0-cp37-cp37m-win32.whl", hash = "sha256:47c0d93ee9c8b181f353dbead6530b26980fe4f5485aa18be8f1fd3c3cbc685e"},
    {file = "Pillow-8.1.0-cp37-cp37m-win_amd64.whl", hash = "sha256:96d4dc103d1a0fa6d47c6c55a47de5f5dafd5ef0114fa10c85a1fd8e0216284b"},
    {file = "Pillow-8.1.0-cp38-cp38-macosx_10_10_x86_64.whl", hash = "sha256:7916cbc94f1c6b1301ac04510d0881b9e9feb20ae34094d3615a8a7c3db0dcc0"},
    {file = "Pillow-8.1.0-cp38-cp38-manylinux1_i686.whl", hash = "sha256:3de6b2ee4f78c6b3d89d184ade5d8fa68af0848f9b6b6da2b9ab7943ec46971a"},
    {file = "Pillow-8.1.0-cp38-cp38-manylinux1_x86_64.whl", hash = "sha256:cdbbe7dff4a677fb555a54f9bc0450f2a21a93c5ba2b44e09e54fcb72d2bd13d"},
    {file = "Pillow-8.1.0-cp38-cp38-manylinux2014_aarch64.whl", hash = "sha256:f50e7a98b0453f39000619d845be8b06e611e56ee6e8186f7f60c3b1e2f0feae"},
    {file = "Pillow-8.1.0-cp38-cp38-win32.whl", hash = "sha256:cb192176b477d49b0a327b2a5a4979552b7a58cd42037034316b8018ac3ebb59"},
    {file = "Pillow-8.1.0-cp38-cp38-win_amd64.whl", hash = "sha256:6c5275bd82711cd3dcd0af8ce0bb99113ae8911fc2952805f1d012de7d600a4c"},
    {file = "Pillow-8.1.0-cp39-cp39-macosx_10_10_x86_64.whl", hash = "sha256:165c88bc9d8dba670110c689e3cc5c71dbe4bfb984ffa7cbebf1fac9554071d6"},
    {file = "Pillow-8.1.0-cp39-cp39-manylinux1_i686.whl", hash = "sha256:5e2fe3bb2363b862671eba632537cd3a823847db4d98be95690b7e382f3d6378"},
    {file = "Pillow-8.1.0-cp39-cp39-manylinux1_x86_64.whl", hash = "sha256:7612520e5e1a371d77e1d1ca3a3ee6227eef00d0a9cddb4ef7ecb0b7396eddf7"},
    {file = "Pillow-8.1.0-cp39-cp39-manylinux2014_aarch64.whl", hash = "sha256:d673c4990acd016229a5c1c4ee8a9e6d8f481b27ade5fc3d95938697fa443ce0"},
    {file = "Pillow-8.1.0-cp39-cp39-win32.whl", hash = "sha256:dc577f4cfdda354db3ae37a572428a90ffdbe4e51eda7849bf442fb803f09c9b"},
    {file = "Pillow-8.1.0-cp39-cp39-win_amd64.whl", hash = "sha256:22d070ca2e60c99929ef274cfced04294d2368193e935c5d6febfd8b601bf865"},
    {file = "Pillow-8.1.0-pp36-pypy36_pp73-macosx_10_10_x86_64.whl", hash = "sha256:a3d3e086474ef12ef13d42e5f9b7bbf09d39cf6bd4940f982263d6954b13f6a9"},
    {file = "Pillow-8.1.0-pp36-pypy36_pp73-manylinux2010_i686.whl", hash = "sha256:731ca5aabe9085160cf68b2dbef95fc1991015bc0a3a6ea46a371ab88f3d0913"},
    {file = "Pillow-8.1.0-pp36-pypy36_pp73-manylinux2010_x86_64.whl", hash = "sha256:bba80df38cfc17f490ec651c73bb37cd896bc2400cfba27d078c2135223c1206"},
    {file = "Pillow-8.1.0-pp37-pypy37_pp73-macosx_10_10_x86_64.whl", hash = "sha256:c3d911614b008e8a576b8e5303e3db29224b455d3d66d1b2848ba6ca83f9ece9"},
    {file = "Pillow-8.1.0-pp37-pypy37_pp73-manylinux2010_i686.whl", hash = "sha256:39725acf2d2e9c17356e6835dccebe7a697db55f25a09207e38b835d5e1bc032"},
    {file = "Pillow-8.1.0-pp37-pypy37_pp73-manylinux2010_x86_64.whl", hash = "sha256:81c3fa9a75d9f1afafdb916d5995633f319db09bd773cb56b8e39f1e98d90820"},
    {file = "Pillow-8.1.0-pp37-pypy37_pp73-win32.whl", hash = "sha256:b6f00ad5ebe846cc91763b1d0c6d30a8042e02b2316e27b05de04fa6ec831ec5"},
    {file = "Pillow-8.1.0.tar.gz", hash = "sha256:887668e792b7edbfb1d3c9d8b5d8c859269a0f0eba4dda562adb95500f60dbba"},
]
psycopg2 = [
    {file = "psycopg2-2.8.6-cp27-cp27m-win32.whl", hash = "sha256:068115e13c70dc5982dfc00c5d70437fe37c014c808acce119b5448361c03725"},
    {file = "psycopg2-2.8.6-cp27-cp27m-win_amd64.whl", hash = "sha256:d160744652e81c80627a909a0e808f3c6653a40af435744de037e3172cf277f5"},
    {file = "psycopg2-2.8.6-cp34-cp34m-win32.whl", hash = "sha256:b8cae8b2f022efa1f011cc753adb9cbadfa5a184431d09b273fb49b4167561ad"},
    {file = "psycopg2-2.8.6-cp34-cp34m-win_amd64.whl", hash = "sha256:f22ea9b67aea4f4a1718300908a2fb62b3e4276cf00bd829a97ab5894af42ea3"},
    {file = "psycopg2-2.8.6-cp35-cp35m-win32.whl", hash = "sha256:26e7fd115a6db75267b325de0fba089b911a4a12ebd3d0b5e7acb7028bc46821"},
    {file = "psycopg2-2.8.6-cp35-cp35m-win_amd64.whl", hash = "sha256:00195b5f6832dbf2876b8bf77f12bdce648224c89c880719c745b90515233301"},
    {file = "psycopg2-2.8.6-cp36-cp36m-win32.whl", hash = "sha256:a49833abfdede8985ba3f3ec641f771cca215479f41523e99dace96d5b8cce2a"},
    {file = "psycopg2-2.8.6-cp36-cp36m-win_amd64.whl", hash = "sha256:f974c96fca34ae9e4f49839ba6b78addf0346777b46c4da27a7bf54f48d3057d"},
    {file = "psycopg2-2.8.6-cp37-cp37m-win32.whl", hash = "sha256:6a3d9efb6f36f1fe6aa8dbb5af55e067db802502c55a9defa47c5a1dad41df84"},
    {file = "psycopg2-2.8.6-cp37-cp37m-win_amd64.whl", hash = "sha256:56fee7f818d032f802b8eed81ef0c1232b8b42390df189cab9cfa87573fe52c5"},
    {file = "psycopg2-2.8.6-cp38-cp38-win32.whl", hash = "sha256:ad2fe8a37be669082e61fb001c185ffb58867fdbb3e7a6b0b0d2ffe232353a3e"},
    {file = "psycopg2-2.8.6-cp38-cp38-win_amd64.whl", hash = "sha256:56007a226b8e95aa980ada7abdea6b40b75ce62a433bd27cec7a8178d57f4051"},
    {file = "psycopg2-2.8.6.tar.gz", hash = "sha256:fb23f6c71107c37fd667cb4ea363ddeb936b348bbd6449278eb92c189699f543"},
]
python-dateutil = [
    {file = "python-dateutil-2.8.1.tar.gz", hash = "sha256:73ebfe9dbf22e832286dafa60473e4cd239f8592f699aa5adaf10050e6e1823c"},
    {file = "python_dateutil-2.8.1-py2.py3-none-any.whl", hash = "sha256:75bb3f31ea686f1197762692a9ee6a7550b59fc6ca3a1f4b5d7e32fb98e2da2a"},
]
pytz = [
    {file = "pytz-2020.5-py2.py3-none-any.whl", hash = "sha256:16962c5fb8db4a8f63a26646d8886e9d769b6c511543557bc84e9569fb9a9cb4"},
    {file = "pytz-2020.5.tar.gz", hash = "sha256:180befebb1927b16f6b57101720075a984c019ac16b1b7575673bea42c6c3da5"},
]
rcssmin = [
    {file = "rcssmin-1.0.6.tar.gz", hash = "sha256:ca87b695d3d7864157773a61263e5abb96006e9ff0e021eff90cbe0e1ba18270"},
]
requests = [
    {file = "requests-2.25.1-py2.py3-none-any.whl", hash = "sha256:c210084e36a42ae6b9219e00e48287def368a26d03a048ddad7bfee44f75871e"},
    {file = "requests-2.25.1.tar.gz", hash = "sha256:27973dd4a904a4f13b263a19c866c13b92a39ed1c964655f025f3f8d3d75b804"},
]
rjsmin = [
    {file = "rjsmin-1.1.0-cp27-cp27m-manylinux1_i686.whl", hash = "sha256:799890bd07a048892d8d3deb9042dbc20b7f5d0eb7da91e9483c561033b23ce2"},
    {file = "rjsmin-1.1.0-cp27-cp27m-manylinux1_x86_64.whl", hash = "sha256:211c2fe8298951663bbc02acdffbf714f6793df54bfc50e1c6c9e71b3f2559a3"},
    {file = "rjsmin-1.1.0-cp27-cp27mu-manylinux1_i686.whl", hash = "sha256:585e75a84d9199b68056fd4a083d9a61e2a92dfd10ff6d4ce5bdb04bc3bdbfaf"},
    {file = "rjsmin-1.1.0-cp27-cp27mu-manylinux1_x86_64.whl", hash = "sha256:e487a7783ac4339e79ec610b98228eb9ac72178973e3dee16eba0e3feef25924"},
    {file = "rjsmin-1.1.0-cp34-cp34m-manylinux1_i686.whl", hash = "sha256:0ab825839125eaca57cc59581d72e596e58a7a56fbc0839996b7528f0343a0a8"},
    {file = "rjsmin-1.1.0-cp34-cp34m-manylinux1_x86_64.whl", hash = "sha256:6044ca86e917cd5bb2f95e6679a4192cef812122f28ee08c677513de019629b3"},
    {file = "rjsmin-1.1.0-cp35-cp35m-manylinux1_i686.whl", hash = "sha256:ecd29f1b3e66a4c0753105baec262b331bcbceefc22fbe6f7e8bcd2067bcb4d7"},
    {file = "rjsmin-1.1.0-cp35-cp35m-manylinux1_x86_64.whl", hash = "sha256:975b69754d6a76be47c0bead12367a1ca9220d08e5393f80bab0230d4625d1f4"},
    {file = "rjsmin-1.1.0-cp36-cp36m-manylinux1_i686.whl", hash = "sha256:466fe70cc5647c7c51b3260c7e2e323a98b2b173564247f9c89e977720a0645f"},
    {file = "rjsmin-1.1.0-cp36-cp36m-manylinux1_x86_64.whl", hash = "sha256:e3908b21ebb584ce74a6ac233bdb5f29485752c9d3be5e50c5484ed74169232c"},
    {file = "rjsmin-1.1.0-cp37-cp37m-manylinux1_i686.whl", hash = "sha256:714329db774a90947e0e2086cdddb80d5e8c4ac1c70c9f92436378dedb8ae345"},
    {file = "rjsmin-1.1.0-cp37-cp37m-manylinux1_x86_64.whl", hash = "sha256:dd0f4819df4243ffe4c964995794c79ca43943b5b756de84be92b445a652fb86"},
    {file = "rjsmin-1.1.0.tar.gz", hash = "sha256:b15dc75c71f65d9493a8c7fa233fdcec823e3f1b88ad84a843ffef49b338ac32"},
]
six = [
    {file = "six-1.15.0-py2.py3-none-any.whl", hash = "sha256:8b74bedcbbbaca38ff6d7491d76f2b06b3592611af620f8426e82dddb04a5ced"},
    {file = "six-1.15.0.tar.gz", hash = "sha256:30639c035cdb23534cd4aa2dd52c3bf48f06e5f4a941509c8bafd8ce11080259"},
]
smartypants = [
    {file = "smartypants-2.0.1-py2.py3-none-any.whl", hash = "sha256:8db97f7cbdf08d15b158a86037cd9e116b4cf37703d24e0419a0d64ca5808f0d"},
]
soupsieve = [
    {file = "soupsieve-2.1-py3-none-any.whl", hash = "sha256:4bb21a6ee4707bf43b61230e80740e71bfe56e55d1f1f50924b087bb2975c851"},
    {file = "soupsieve-2.1.tar.gz", hash = "sha256:6dc52924dc0bc710a5d16794e6b3480b2c7c08b07729505feab2b2c16661ff6e"},
]
sqlparse = [
    {file = "sqlparse-0.4.1-py3-none-any.whl", hash = "sha256:017cde379adbd6a1f15a61873f43e8274179378e95ef3fede90b5aa64d304ed0"},
    {file = "sqlparse-0.4.1.tar.gz", hash = "sha256:0f91fd2e829c44362cbcfab3e9ae12e22badaa8a29ad5ff599f9ec109f0454e8"},
]
tablib = [
    {file = "tablib-3.0.0-py3-none-any.whl", hash = "sha256:41aa40981cddd7ec4d1fabeae7c38d271601b306386bd05b5c3bcae13e5aeb20"},
    {file = "tablib-3.0.0.tar.gz", hash = "sha256:f83cac08454f225a34a305daa20e2110d5e6335135d505f93bc66583a5f9c10d"},
]
unidecode = [
    {file = "Unidecode-1.1.2-py2.py3-none-any.whl", hash = "sha256:4c9d15d2f73eb0d2649a151c566901f80a030da1ccb0a2043352e1dbf647586b"},
    {file = "Unidecode-1.1.2.tar.gz", hash = "sha256:a039f89014245e0cad8858976293e23501accc9ff5a7bdbc739a14a2b7b85cdc"},
]
urllib3 = [
    {file = "urllib3-1.26.2-py2.py3-none-any.whl", hash = "sha256:d8ff90d979214d7b4f8ce956e80f4028fc6860e4431f731ea4a8c08f23f99473"},
    {file = "urllib3-1.26.2.tar.gz", hash = "sha256:19188f96923873c92ccb987120ec4acaa12f0461fa9ce5d3d0772bc965a39e08"},
]
wagtail = [
    {file = "wagtail-2.11.3-py3-none-any.whl", hash = "sha256:825c143b8acdadc4b85c7880dbd1cfaa35397c42bdbf7965baaf6b2fdd78f913"},
    {file = "wagtail-2.11.3.tar.gz", hash = "sha256:2d153a61fc7cdff2ef71392301661b6a35a09e66758490ac346410b548e3368a"},
]
wagtail-cache = [
    {file = "wagtail-cache-1.0.1.tar.gz", hash = "sha256:9fdbefe091130cb2e72f220a0d6f8e74e668775bf5b2c80202c2d861191d1df0"},
    {file = "wagtail_cache-1.0.1-py3-none-any.whl", hash = "sha256:beaf34a1aeb2027c5f1f64c06987b537826643d4a707359f45218b708ab4f924"},
]
wagtailfontawesome = [
    {file = "wagtailfontawesome-1.2.1-py2.py3-none-any.whl", hash = "sha256:76b1c64c4f1042d468a83e4352f74b57bda4a4aa09cdfeeb8663dead5ed632be"},
    {file = "wagtailfontawesome-1.2.1.tar.gz", hash = "sha256:6c1bd2d6061880848de6374ceb75d38a8c9b0debb1d4aef8a2fdc9d565a8f417"},
]
wagtailmedia = [
    {file = "wagtailmedia-0.6.0-py2.py3-none-any.whl", hash = "sha256:386c45f6c8913cdf66d4a44f043c24db02c13299d5aef5154d045ef67e004bf6"},
    {file = "wagtailmedia-0.6.0.tar.gz", hash = "sha256:9d85b92714d1a8b71c8a065541ef1493d4faee01bf42f406046ff10378a2062d"},
]
webencodings = [
    {file = "webencodings-0.5.1-py2.py3-none-any.whl", hash = "sha256:a0af1213f3c2226497a97e2b3aa01a7e4bee4f403f95be16fc9acd2947514a78"},
    {file = "webencodings-0.5.1.tar.gz", hash = "sha256:b36a1c245f2d304965eb4e0a82848379241dc04b865afcc4aab16748587e1923"},
]
werkzeug = [
    {file = "Werkzeug-1.0.1-py2.py3-none-any.whl", hash = "sha256:2de2a5db0baeae7b2d2664949077c2ac63fbd16d98da0ff71837f7d1dea3fd43"},
    {file = "Werkzeug-1.0.1.tar.gz", hash = "sha256:6c80b1e5ad3665290ea39320b91e1be1e0d5f60652b964a3070216de83d2e47c"},
]
willow = [
    {file = "Willow-1.4-py2.py3-none-any.whl", hash = "sha256:698f755fc6bfb8984ac8550f470a0cb630ec1e628287475315d4d1e7595d7337"},
    {file = "Willow-1.4.tar.gz", hash = "sha256:cde01e054c510284ac3459d6b531e1653a58e33a735706ac27905a94fe81742c"},
]
xlrd = [
    {file = "xlrd-2.0.1-py2.py3-none-any.whl", hash = "sha256:6a33ee89877bd9abc1158129f6e94be74e2679636b8a205b43b85206c3f0bbdd"},
    {file = "xlrd-2.0.1.tar.gz", hash = "sha256:f72f148f54442c6b056bf931dbc34f986fd0c3b0b6b5a58d013c9aef274d0c88"},
]
xlsxwriter = [
    {file = "XlsxWriter-1.3.7-py2.py3-none-any.whl", hash = "sha256:b807c2d3e379bf6a925f472955beef3e07495c1bac708640696876e68675b49b"},
    {file = "XlsxWriter-1.3.7.tar.gz", hash = "sha256:9b1ade2d1ba5d9b40a6d1de1d55ded4394ab8002718092ae80a08532c2add2e6"},
]
xlwt = [
    {file = "xlwt-1.3.0-py2.py3-none-any.whl", hash = "sha256:a082260524678ba48a297d922cc385f58278b8aa68741596a87de01a9c628b2e"},
    {file = "xlwt-1.3.0.tar.gz", hash = "sha256:c59912717a9b28f1a3c2a98fd60741014b06b043936dcecbc113eaaada156c88"},
]
