[[package]]
name = "anyascii"
version = "0.3.0"
description = "Unicode to ASCII transliteration"
category = "main"
optional = false
python-versions = ">=3.3"

[[package]]
name = "asgiref"
version = "3.4.1"
description = "ASGI specs, helper code, and adapters"
category = "main"
optional = false
python-versions = ">=3.6"

[package.dependencies]
typing-extensions = {version = "*", markers = "python_version < \"3.8\""}

[package.extras]
tests = ["pytest", "pytest-asyncio", "mypy (>=0.800)"]

[[package]]
name = "beautifulsoup4"
version = "4.9.3"
description = "Screen-scraping library"
category = "main"
optional = false
python-versions = "*"

[package.dependencies]
soupsieve = {version = ">1.2", markers = "python_version >= \"3.0\""}

[package.extras]
html5lib = ["html5lib"]
lxml = ["lxml"]

[[package]]
name = "certifi"
version = "2021.10.8"
description = "Python package for providing Mozilla's CA Bundle."
category = "main"
optional = false
python-versions = "*"

[[package]]
name = "charset-normalizer"
version = "2.0.7"
description = "The Real First Universal Charset Detector. Open, modern and actively maintained alternative to Chardet."
category = "main"
optional = false
python-versions = ">=3.5.0"

[package.extras]
unicode_backport = ["unicodedata2"]

[[package]]
name = "comments-wagtail-xtd"
version = "1.0.1"
description = ""
category = "main"
optional = false
python-versions = ">=3"

[package.dependencies]
Django = ">=2.0.0"
django-comments-xtd = ">=2.2.1"
wagtail = ">2.2"
wagtailfontawesome = ">=1.1.3"

[[package]]
name = "django"
version = "3.2.9"
description = "A high-level Python Web framework that encourages rapid development and clean, pragmatic design."
category = "main"
optional = false
python-versions = ">=3.6"

[package.dependencies]
asgiref = ">=3.3.2,<4"
pytz = "*"
sqlparse = ">=0.2.2"

[package.extras]
argon2 = ["argon2-cffi (>=19.1.0)"]
bcrypt = ["bcrypt"]

[[package]]
name = "django-appconf"
version = "1.0.5"
description = "A helper class for handling configuration defaults of packaged apps gracefully."
category = "main"
optional = false
python-versions = ">=3.6"

[package.dependencies]
django = "*"

[[package]]
name = "django-capture-tag"
version = "1.0"
description = "A micro-library to capture output in Django templates"
category = "main"
optional = false
python-versions = "*"

[[package]]
name = "django-comments-xtd"
version = "2.9.3"
description = "Django Comments Framework extension app with thread support, follow up notifications and email confirmations."
category = "main"
optional = false
python-versions = "*"

[package.dependencies]
Django = ">=2.2"
django-contrib-comments = ">=2.1"
djangorestframework = ">=3.12"
docutils = "*"
six = "*"

[[package]]
name = "django-compressor"
version = "2.4.1"
description = "Compresses linked and inline JavaScript or CSS into single cached files."
category = "main"
optional = false
python-versions = "*"

[package.dependencies]
django-appconf = ">=1.0.3"
rcssmin = "1.0.6"
rjsmin = "1.1.0"
six = ">=1.12.0"

[[package]]
name = "django-contrib-comments"
version = "2.1.0"
description = "The code formerly known as django.contrib.comments."
category = "main"
optional = false
python-versions = "*"

[package.dependencies]
Django = ">=2.2"

[[package]]
name = "django-dbbackup"
version = "3.3.0"
description = "Management commands to help backup and restore a project database and media"
category = "main"
optional = false
python-versions = "*"

[package.dependencies]
Django = ">=1.5"
pytz = "*"
six = "*"

[[package]]
name = "django-debug-toolbar"
version = "2.2.1"
description = "A configurable set of panels that display various debug information about the current request/response."
category = "main"
optional = false
python-versions = ">=3.5"

[package.dependencies]
Django = ">=1.11"
sqlparse = ">=0.2.0"

[[package]]
name = "django-debugtools"
version = "1.8"
description = "A toolbox of small utilities to assist Django development"
category = "main"
optional = false
python-versions = "*"

[[package]]
name = "django-extensions"
version = "3.1.3"
description = "Extensions for Django"
category = "main"
optional = false
python-versions = ">=3.6"

[package.dependencies]
Django = ">=2.2"

[[package]]
name = "django-filter"
version = "2.4.0"
description = "Django-filter is a reusable Django application for allowing users to filter querysets dynamically."
category = "main"
optional = false
python-versions = ">=3.5"

[package.dependencies]
Django = ">=2.2"

[[package]]
name = "django-libsass"
version = "0.8"
description = "A django-compressor filter to compile SASS files using libsass"
category = "main"
optional = false
python-versions = "*"

[package.dependencies]
django-compressor = ">=1.3"
libsass = ">=0.7.0,<1"

[[package]]
name = "django-markdown2"
version = "0.3.1"
description = "This is a simple app, which supplies a single template tag for markdown markup."
category = "main"
optional = false
python-versions = "*"

[package.dependencies]
markdown2 = "*"

[[package]]
name = "django-modelcluster"
version = "5.2"
description = "Django extension to allow working with 'clusters' of models as a single unit, independently of the database"
category = "main"
optional = false
python-versions = ">=3.5"

[package.dependencies]
pytz = ">=2015.2"

[package.extras]
taggit = ["django-taggit (>=0.20)"]

[[package]]
name = "django-taggit"
version = "1.5.1"
description = "django-taggit is a reusable Django application for simple tagging."
category = "main"
optional = false
python-versions = ">=3.6"

[package.dependencies]
Django = ">=2.2"

[[package]]
name = "django-treebeard"
version = "4.5.1"
description = "Efficient tree implementations for Django"
category = "main"
optional = false
python-versions = ">=3.6"

[package.dependencies]
Django = ">=2.2"

[[package]]
name = "django-typogrify"
version = "1.3.3"
description = "Make type not look like crap (for django apps)"
category = "main"
optional = false
python-versions = "*"

[package.dependencies]
smartypants = ">=1.8.3"

[[package]]
name = "djangorestframework"
version = "3.12.4"
description = "Web APIs for Django, made easy."
category = "main"
optional = false
python-versions = ">=3.5"

[package.dependencies]
django = ">=2.2"

[[package]]
name = "docutils"
version = "0.18"
description = "Docutils -- Python Documentation Utilities"
category = "main"
optional = false
python-versions = ">=2.7, !=3.0.*, !=3.1.*, !=3.2.*, !=3.3.*, !=3.4.*"

[[package]]
name = "draftjs-exporter"
version = "2.1.7"
description = "Library to convert rich text from Draft.js raw ContentState to HTML"
category = "main"
optional = false
python-versions = "*"

[package.extras]
html5lib = ["beautifulsoup4 (>=4.4.1,<5)", "html5lib (>=0.999,<=1.0.1)"]
lxml = ["lxml (>=4.2.0,<5)"]
testing = ["tox (>=2.3.1)", "markov-draftjs (==0.1.1)", "memory-profiler (==0.47)", "psutil (==5.4.1)", "coverage (>=4.1.0)", "flake8 (>=3.2.0)", "isort (==4.2.5)", "beautifulsoup4 (>=4.4.1,<5)", "html5lib (>=0.999,<=1.0.1)", "lxml (>=4.2.0,<5)"]

[[package]]
name = "et-xmlfile"
version = "1.1.0"
description = "An implementation of lxml.xmlfile for the standard library"
category = "main"
optional = false
python-versions = ">=3.6"

[[package]]
name = "html5lib"
version = "1.1"
description = "HTML parser based on the WHATWG HTML specification"
category = "main"
optional = false
python-versions = ">=2.7, !=3.0.*, !=3.1.*, !=3.2.*, !=3.3.*, !=3.4.*"

[package.dependencies]
six = ">=1.9"
webencodings = "*"

[package.extras]
all = ["genshi", "chardet (>=2.2)", "lxml"]
chardet = ["chardet (>=2.2)"]
genshi = ["genshi"]
lxml = ["lxml"]

[[package]]
name = "idna"
version = "3.3"
description = "Internationalized Domain Names in Applications (IDNA)"
category = "main"
optional = false
python-versions = ">=3.5"

[[package]]
name = "l18n"
version = "2020.6.1"
description = "Internationalization for pytz timezones and territories"
category = "main"
optional = false
python-versions = "*"

[package.dependencies]
pytz = ">=2020.1"
six = "*"

[[package]]
name = "libsass"
version = "0.21.0"
description = "Sass for Python: A straightforward binding of libsass for Python."
category = "main"
optional = false
python-versions = "*"

[package.dependencies]
six = "*"

[[package]]
name = "markdown2"
version = "2.4.1"
description = "A fast and complete Python implementation of Markdown"
category = "main"
optional = false
python-versions = ">=3.5, <4"

[[package]]
name = "openpyxl"
version = "3.0.9"
description = "A Python library to read/write Excel 2010 xlsx/xlsm files"
category = "main"
optional = false
python-versions = ">=3.6"

[package.dependencies]
et-xmlfile = "*"

[[package]]
name = "pillow"
version = "8.4.0"
description = "Python Imaging Library (Fork)"
category = "main"
optional = false
python-versions = ">=3.6"

[[package]]
name = "psycopg2"
version = "2.9.1"
description = "psycopg2 - Python-PostgreSQL Database Adapter"
category = "main"
optional = false
python-versions = ">=3.6"

[[package]]
name = "python-dateutil"
version = "2.8.2"
description = "Extensions to the standard Python datetime module"
category = "main"
optional = false
python-versions = "!=3.0.*,!=3.1.*,!=3.2.*,>=2.7"

[package.dependencies]
six = ">=1.5"

[[package]]
name = "pytz"
version = "2021.3"
description = "World timezone definitions, modern and historical"
category = "main"
optional = false
python-versions = "*"

[[package]]
name = "rcssmin"
version = "1.0.6"
description = "CSS Minifier"
category = "main"
optional = false
python-versions = "*"

[[package]]
name = "requests"
version = "2.26.0"
description = "Python HTTP for Humans."
category = "main"
optional = false
python-versions = ">=2.7, !=3.0.*, !=3.1.*, !=3.2.*, !=3.3.*, !=3.4.*, !=3.5.*"

[package.dependencies]
certifi = ">=2017.4.17"
charset-normalizer = {version = ">=2.0.0,<2.1.0", markers = "python_version >= \"3\""}
idna = {version = ">=2.5,<4", markers = "python_version >= \"3\""}
urllib3 = ">=1.21.1,<1.27"

[package.extras]
socks = ["PySocks (>=1.5.6,!=1.5.7)", "win-inet-pton"]
use_chardet_on_py3 = ["chardet (>=3.0.2,<5)"]

[[package]]
name = "rjsmin"
version = "1.1.0"
description = "Javascript Minifier"
category = "main"
optional = false
python-versions = "*"

[[package]]
name = "six"
version = "1.16.0"
description = "Python 2 and 3 compatibility utilities"
category = "main"
optional = false
python-versions = ">=2.7, !=3.0.*, !=3.1.*, !=3.2.*"

[[package]]
name = "smartypants"
version = "2.0.1"
description = "Python with the SmartyPants"
category = "main"
optional = false
python-versions = "*"

[[package]]
name = "soupsieve"
version = "2.3"
description = "A modern CSS selector implementation for Beautiful Soup."
category = "main"
optional = false
python-versions = ">=3.6"

[[package]]
name = "sqlparse"
version = "0.4.2"
description = "A non-validating SQL parser."
category = "main"
optional = false
python-versions = ">=3.5"

[[package]]
name = "tablib"
version = "3.1.0"
description = "Format agnostic tabular data library (XLS, JSON, YAML, CSV)"
category = "main"
optional = false
python-versions = ">=3.6"

[package.dependencies]
openpyxl = {version = ">=2.6.0", optional = true, markers = "extra == \"xlsx\""}
xlrd = {version = "*", optional = true, markers = "extra == \"xls\""}
xlwt = {version = "*", optional = true, markers = "extra == \"xls\""}

[package.extras]
all = ["markuppy", "odfpy", "openpyxl (>=2.6.0)", "pandas", "pyyaml", "tabulate", "xlrd", "xlwt"]
cli = ["tabulate"]
html = ["markuppy"]
ods = ["odfpy"]
pandas = ["pandas"]
xls = ["xlrd", "xlwt"]
xlsx = ["openpyxl (>=2.6.0)"]
yaml = ["pyyaml"]

[[package]]
name = "telepath"
version = "0.2"
description = "A library for exchanging data between Python and JavaScript"
category = "main"
optional = false
python-versions = ">=3.5"

[package.extras]
docs = ["mkdocs (>=1.1,<1.2)", "mkdocs-material (>=6.2,<6.3)"]

[[package]]
name = "typing-extensions"
version = "3.10.0.2"
description = "Backported and Experimental Type Hints for Python 3.5+"
category = "main"
optional = false
python-versions = "*"

[[package]]
name = "urllib3"
version = "1.26.7"
description = "HTTP library with thread-safe connection pooling, file post, and more."
category = "main"
optional = false
python-versions = ">=2.7, !=3.0.*, !=3.1.*, !=3.2.*, !=3.3.*, !=3.4.*, <4"

[package.extras]
brotli = ["brotlipy (>=0.6.0)"]
secure = ["pyOpenSSL (>=0.14)", "cryptography (>=1.3.4)", "idna (>=2.0.0)", "certifi", "ipaddress"]
socks = ["PySocks (>=1.5.6,!=1.5.7,<2.0)"]

[[package]]
name = "wagtail"
version = "2.15"
description = "A Django content management system."
category = "main"
optional = false
python-versions = ">=3.6"

[package.dependencies]
anyascii = ">=0.1.5"
beautifulsoup4 = ">=4.8,<4.10"
Django = ">=3.0,<3.3"
django-filter = ">=2.2,<3.0"
django-modelcluster = ">=5.2,<6.0"
django-taggit = ">=1.0,<2.0"
django-treebeard = ">=4.2.0,<4.5 || >4.5,<5.0"
djangorestframework = ">=3.11.1,<4.0"
draftjs-exporter = ">=2.1.5,<3.0"
html5lib = ">=0.999,<2"
l18n = ">=2018.5"
Pillow = ">=4.0.0,<9.0.0"
requests = ">=2.11.1,<3.0"
tablib = {version = ">=0.14.0", extras = ["xls", "xlsx"]}
telepath = ">=0.1.1,<1"
Willow = ">=1.4,<1.5"
xlsxwriter = ">=1.2.8,<4.0"

[package.extras]
docs = ["pyenchant (>=3.1.1,<4)", "sphinxcontrib-spelling (>=5.4.0,<6)", "Sphinx (>=1.5.2)", "sphinx-autobuild (>=0.6.0)", "sphinx-wagtail-theme (==5.0.4)", "recommonmark (>=0.7.1)"]
testing = ["python-dateutil (>=2.7)", "pytz (>=2014.7)", "elasticsearch (>=5.0,<6.0)", "Jinja2 (>=2.11,<3.0)", "boto3 (>=1.16,<1.17)", "freezegun (>=0.3.8)", "openpyxl (>=2.6.4)", "Unidecode (>=0.04.14,<2.0)", "coverage (>=3.7.0)", "flake8 (>=3.6.0)", "isort (==5.6.4)", "flake8-blind-except (==0.1.1)", "flake8-print (==2.0.2)", "doc8 (==0.8.1)", "jinjalint (>=0.5)", "docutils (==0.15)", "django-taggit (>=1.3.0,<2.0)", "polib (>=1.1,<2.0)"]

[[package]]
name = "wagtail-cache"
version = "1.0.2"
description = "A simple page cache for Wagtail based on the Django cache middleware."
category = "main"
optional = false
python-versions = "*"

[package.dependencies]
wagtail = ">=2.0"

[[package]]
name = "wagtailfontawesome"
version = "1.2.1"
description = "Add FontAwesome icons to StreamField."
category = "main"
optional = false
python-versions = "*"

[package.dependencies]
Django = ">=1.7.1"
wagtail = ">=1.4.0"

[[package]]
name = "wagtailmedia"
version = "0.6.0"
description = "A module for Wagtail that provides functionality similar to wagtail.documents module, but for audio and video files."
category = "main"
optional = false
python-versions = "*"

[package.dependencies]
wagtail = ">=2.2"

[package.extras]
testing = ["mock (>=1.0.0)", "coverage (>=3.7.0)", "flake8 (>=2.2.0)", "isort", "tox (==3.9.0)", "psycopg2-binary", "django-redis-cache"]

[[package]]
name = "webencodings"
version = "0.5.1"
description = "Character encoding aliases for legacy web content"
category = "main"
optional = false
python-versions = "*"

[[package]]
name = "werkzeug"
version = "1.0.1"
description = "The comprehensive WSGI web application library."
category = "main"
optional = false
python-versions = ">=2.7, !=3.0.*, !=3.1.*, !=3.2.*, !=3.3.*, !=3.4.*"

[package.extras]
dev = ["pytest", "pytest-timeout", "coverage", "tox", "sphinx", "pallets-sphinx-themes", "sphinx-issues"]
watchdog = ["watchdog"]

[[package]]
name = "willow"
version = "1.4"
description = "A Python image library that sits on top of Pillow, Wand and OpenCV"
category = "main"
optional = false
python-versions = "*"

[[package]]
name = "xlrd"
version = "2.0.1"
description = "Library for developers to extract data from Microsoft Excel (tm) .xls spreadsheet files"
category = "main"
optional = false
python-versions = ">=2.7, !=3.0.*, !=3.1.*, !=3.2.*, !=3.3.*, !=3.4.*, !=3.5.*"

[package.extras]
build = ["wheel", "twine"]
docs = ["sphinx"]
test = ["pytest", "pytest-cov"]

[[package]]
name = "xlsxwriter"
version = "3.0.2"
description = "A Python module for creating Excel XLSX files."
category = "main"
optional = false
python-versions = ">=3.4"

[[package]]
name = "xlwt"
version = "1.3.0"
description = "Library to create spreadsheet files compatible with MS Excel 97/2000/XP/2003 XLS files, on any platform, with Python 2.6, 2.7, 3.3+"
category = "main"
optional = false
python-versions = "*"

[metadata]
lock-version = "1.1"
python-versions = "^3.6"
content-hash = "a69496229594f45ddd23f686995d19f35c2c26b1e626993b00ad2b5a8337f3d4"

[metadata.files]
anyascii = [
    {file = "anyascii-0.3.0-py3-none-any.whl", hash = "sha256:68f6917fe5b22caf7dde8551b838e5e17d5e3c96c55734485699bd03ad92237f"},
    {file = "anyascii-0.3.0.tar.gz", hash = "sha256:24f27431fb64c6c93a33125fb66f8cba007a5262bc1faabeafeda5f4bb70b593"},
]
asgiref = [
    {file = "asgiref-3.4.1-py3-none-any.whl", hash = "sha256:ffc141aa908e6f175673e7b1b3b7af4fdb0ecb738fc5c8b88f69f055c2415214"},
    {file = "asgiref-3.4.1.tar.gz", hash = "sha256:4ef1ab46b484e3c706329cedeff284a5d40824200638503f5768edb6de7d58e9"},
]
beautifulsoup4 = [
    {file = "beautifulsoup4-4.9.3-py2-none-any.whl", hash = "sha256:4c98143716ef1cb40bf7f39a8e3eec8f8b009509e74904ba3a7b315431577e35"},
    {file = "beautifulsoup4-4.9.3-py3-none-any.whl", hash = "sha256:fff47e031e34ec82bf17e00da8f592fe7de69aeea38be00523c04623c04fb666"},
    {file = "beautifulsoup4-4.9.3.tar.gz", hash = "sha256:84729e322ad1d5b4d25f805bfa05b902dd96450f43842c4e99067d5e1369eb25"},
]
certifi = [
    {file = "certifi-2021.10.8-py2.py3-none-any.whl", hash = "sha256:d62a0163eb4c2344ac042ab2bdf75399a71a2d8c7d47eac2e2ee91b9d6339569"},
    {file = "certifi-2021.10.8.tar.gz", hash = "sha256:78884e7c1d4b00ce3cea67b44566851c4343c120abd683433ce934a68ea58872"},
]
charset-normalizer = [
    {file = "charset-normalizer-2.0.7.tar.gz", hash = "sha256:e019de665e2bcf9c2b64e2e5aa025fa991da8720daa3c1138cadd2fd1856aed0"},
    {file = "charset_normalizer-2.0.7-py3-none-any.whl", hash = "sha256:f7af805c321bfa1ce6714c51f254e0d5bb5e5834039bc17db7ebe3a4cec9492b"},
]
comments-wagtail-xtd = [
    {file = "comments_wagtail_xtd-1.0.1-py3-none-any.whl", hash = "sha256:434fe9f6487e1f7b9514160daa702d279aeeba2fe38f4032e149a564140b31c0"},
    {file = "comments_wagtail_xtd-1.0.1.tar.gz", hash = "sha256:0741b5c9c85b3e48eb472bed65050bc9f4ec07762cd2dc40511aa2a68557039c"},
]
django = [
    {file = "Django-3.2.9-py3-none-any.whl", hash = "sha256:e22c9266da3eec7827737cde57694d7db801fedac938d252bf27377cec06ed1b"},
    {file = "Django-3.2.9.tar.gz", hash = "sha256:51284300f1522ffcdb07ccbdf676a307c6678659e1284f0618e5a774127a6a08"},
]
django-appconf = [
    {file = "django-appconf-1.0.5.tar.gz", hash = "sha256:be3db0be6c81fa84742000b89a81c016d70ae66a7ccb620cdef592b1f1a6aaa4"},
    {file = "django_appconf-1.0.5-py3-none-any.whl", hash = "sha256:ae9f864ee1958c815a965ed63b3fba4874eec13de10236ba063a788f9a17389d"},
]
django-capture-tag = [
    {file = "django-capture-tag-1.0.tar.gz", hash = "sha256:9c8a531687aac2a705a16a96c33930fb8193c17b641b7c24cd97ff180053d539"},
    {file = "django_capture_tag-1.0-py2.py3-none-any.whl", hash = "sha256:a996f64996830c00641b5b41503c62616f9613a478c84a303fc414e96bfb4891"},
]
django-comments-xtd = [
    {file = "django-comments-xtd-2.9.3.tar.gz", hash = "sha256:6d16776601df9298e37a5fd66032919b32e5a44874c3bcba04819f3db9fe70f7"},
    {file = "django_comments_xtd-2.9.3-py3-none-any.whl", hash = "sha256:22ea8475150f83eed262e6d6b1488b10c5b34ded1e24f26589b8cbea8e3f56bb"},
]
django-compressor = [
    {file = "django_compressor-2.4.1-py2.py3-none-any.whl", hash = "sha256:f8313f59d5e65712fc28787d084fe834997c9dfa92d064a1a3ec3d3366594d04"},
    {file = "django_compressor-2.4.1.tar.gz", hash = "sha256:3358077605c146fdcca5f9eaffb50aa5dbe15f238f8854679115ebf31c0415e0"},
]
django-contrib-comments = [
    {file = "django-contrib-comments-2.1.0.tar.gz", hash = "sha256:d82f1d04690550df026553053903deec0c52dc54212e1b79241b08f0355cff2c"},
    {file = "django_contrib_comments-2.1.0-py3-none-any.whl", hash = "sha256:e02c7341ea1f4bcdfa347851dbf5e632d3e591d84b4f77de2f90b93398897f3c"},
]
django-dbbackup = [
    {file = "django-dbbackup-3.3.0.tar.gz", hash = "sha256:bb109735cae98b64ad084e5b461b7aca2d7b39992f10c9ed9435e3ebb6fb76c8"},
]
django-debug-toolbar = [
    {file = "django-debug-toolbar-2.2.1.tar.gz", hash = "sha256:7aadab5240796ffe8e93cc7dfbe2f87a204054746ff7ff93cd6d4a0c3747c853"},
    {file = "django_debug_toolbar-2.2.1-py3-none-any.whl", hash = "sha256:7feaee934608f5cdd95432154be832fe30fda6c1249018191e2c27bc0b6a965e"},
]
django-debugtools = [
    {file = "django-debugtools-1.8.tar.gz", hash = "sha256:1e0301a7934956575d8764eb4b704f47dbb467f27cc7efad4f75cabb7b441bb4"},
    {file = "django_debugtools-1.8-py2.py3-none-any.whl", hash = "sha256:a2d4bffde49952713d150489694e60bd10bc72ad1adf1f0f03949ed0553d1b2f"},
]
django-extensions = [
    {file = "django-extensions-3.1.3.tar.gz", hash = "sha256:5f0fea7bf131ca303090352577a9e7f8bfbf5489bd9d9c8aea9401db28db34a0"},
    {file = "django_extensions-3.1.3-py3-none-any.whl", hash = "sha256:50de8977794a66a91575dd40f87d5053608f679561731845edbd325ceeb387e3"},
]
django-filter = [
    {file = "django-filter-2.4.0.tar.gz", hash = "sha256:84e9d5bb93f237e451db814ed422a3a625751cbc9968b484ecc74964a8696b06"},
    {file = "django_filter-2.4.0-py3-none-any.whl", hash = "sha256:e00d32cebdb3d54273c48f4f878f898dced8d5dfaad009438fe61ebdf535ace1"},
]
django-libsass = [
    {file = "django-libsass-0.8.tar.gz", hash = "sha256:38fab4ce1245542f3afd7248dc48f8a0b261f5f6c61e7cc43969a9c9079b5ffd"},
    {file = "django_libsass-0.8-py3-none-any.whl", hash = "sha256:3e74fd8e75ac0e6ebc0443efc3e530167981bf279fecc2294094c820ae266fbb"},
]
django-markdown2 = [
    {file = "django-markdown2-0.3.1.tar.gz", hash = "sha256:f04748d56788f6291d8d35f0e53a58530e1c0b34981b046883b319b64c8117e2"},
]
django-modelcluster = [
    {file = "django-modelcluster-5.2.tar.gz", hash = "sha256:e541a46a0a899ef4778a4708be22e71cac3efacc09a6ff44bc065c5c9194c054"},
    {file = "django_modelcluster-5.2-py2.py3-none-any.whl", hash = "sha256:767084078b9e172540b271454ecc73cb320927131ca4b2c5f276daf771f9542f"},
]
django-taggit = [
    {file = "django-taggit-1.5.1.tar.gz", hash = "sha256:e5bb62891f458d55332e36a32e19c08d20142c43f74bc5656c803f8af25c084a"},
    {file = "django_taggit-1.5.1-py3-none-any.whl", hash = "sha256:dfe9e9c10b5929132041de0c00093ef0072c73c2a97d0f74a818ae50fa77149a"},
]
django-treebeard = [
    {file = "django-treebeard-4.5.1.tar.gz", hash = "sha256:80150017725239702054e5fa64dc66e383dc13ac262c8d47ee5a82cb005969da"},
    {file = "django_treebeard-4.5.1-py3-none-any.whl", hash = "sha256:7c2b1cdb1e9b46d595825186064a1228bc4d00dbbc186db5b0b9412357fba91c"},
]
django-typogrify = [
    {file = "django-typogrify-1.3.3.tar.gz", hash = "sha256:deffbb85ddd0c94bed6063ab7ad241b72e0f3e7c3160d9ea5f6388177901541e"},
]
djangorestframework = [
    {file = "djangorestframework-3.12.4-py3-none-any.whl", hash = "sha256:6d1d59f623a5ad0509fe0d6bfe93cbdfe17b8116ebc8eda86d45f6e16e819aaf"},
    {file = "djangorestframework-3.12.4.tar.gz", hash = "sha256:f747949a8ddac876e879190df194b925c177cdeb725a099db1460872f7c0a7f2"},
]
docutils = [
    {file = "docutils-0.18-py2.py3-none-any.whl", hash = "sha256:a31688b2ea858517fa54293e5d5df06fbb875fb1f7e4c64529271b77781ca8fc"},
    {file = "docutils-0.18.tar.gz", hash = "sha256:c1d5dab2b11d16397406a282e53953fe495a46d69ae329f55aa98a5c4e3c5fbb"},
]
draftjs-exporter = [
    {file = "draftjs_exporter-2.1.7-py3-none-any.whl", hash = "sha256:d415a9964690a2cddb66a31ef32dd46c277e9b80434b94e39e3043188ed83e33"},
    {file = "draftjs_exporter-2.1.7.tar.gz", hash = "sha256:5839cbc29d7bce2fb99837a404ca40c3a07313f2a20e2700de7ad6aa9a9a18fb"},
]
et-xmlfile = [
    {file = "et_xmlfile-1.1.0-py3-none-any.whl", hash = "sha256:a2ba85d1d6a74ef63837eed693bcb89c3f752169b0e3e7ae5b16ca5e1b3deada"},
    {file = "et_xmlfile-1.1.0.tar.gz", hash = "sha256:8eb9e2bc2f8c97e37a2dc85a09ecdcdec9d8a396530a6d5a33b30b9a92da0c5c"},
]
html5lib = [
    {file = "html5lib-1.1-py2.py3-none-any.whl", hash = "sha256:0d78f8fde1c230e99fe37986a60526d7049ed4bf8a9fadbad5f00e22e58e041d"},
    {file = "html5lib-1.1.tar.gz", hash = "sha256:b2e5b40261e20f354d198eae92afc10d750afb487ed5e50f9c4eaf07c184146f"},
]
idna = [
    {file = "idna-3.3-py3-none-any.whl", hash = "sha256:84d9dd047ffa80596e0f246e2eab0b391788b0503584e8945f2368256d2735ff"},
    {file = "idna-3.3.tar.gz", hash = "sha256:9d643ff0a55b762d5cdb124b8eaa99c66322e2157b69160bc32796e824360e6d"},
]
l18n = [
    {file = "l18n-2020.6.1-py3-none-any.whl", hash = "sha256:6906b2041a95b3e05d3cce3654476b6eb917e46617c9aa0de2d0e277621116fb"},
    {file = "l18n-2020.6.1.tar.gz", hash = "sha256:ea7a65b2f0935b14601a3295f2c5e5e8b54126dd1e6a7fef4e44d2b8dd5b695a"},
]
libsass = [
    {file = "libsass-0.21.0-cp27-cp27m-macosx_10_14_x86_64.whl", hash = "sha256:06c8776417fe930714bdc930a3d7e795ae3d72be6ac883ff72a1b8f7c49e5ffb"},
    {file = "libsass-0.21.0-cp27-cp27m-win32.whl", hash = "sha256:a005f298f64624f313a3ac618ab03f844c71d84ae4f4a4aec4b68d2a4ffe75eb"},
    {file = "libsass-0.21.0-cp27-cp27m-win_amd64.whl", hash = "sha256:6b984510ed94993708c0d697b4fef2d118929bbfffc3b90037be0f5ccadf55e7"},
    {file = "libsass-0.21.0-cp27-cp27mu-manylinux_2_5_x86_64.manylinux1_x86_64.whl", hash = "sha256:1e25dd9047a9392d3c59a0b869e0404f2b325a03871ee45285ee33b3664f5613"},
    {file = "libsass-0.21.0-cp36-abi3-macosx_10_14_x86_64.whl", hash = "sha256:12f39712de38689a8b785b7db41d3ba2ea1d46f9379d81ea4595802d91fa6529"},
    {file = "libsass-0.21.0-cp36-abi3-manylinux_2_5_x86_64.manylinux1_x86_64.whl", hash = "sha256:e2b1a7d093f2e76dc694c17c0c285e846d0b0deb0e8b21dc852ba1a3a4e2f1d6"},
    {file = "libsass-0.21.0-cp36-abi3-win32.whl", hash = "sha256:abc29357ee540849faf1383e1746d40d69ed5cb6d4c346df276b258f5aa8977a"},
    {file = "libsass-0.21.0-cp36-abi3-win_amd64.whl", hash = "sha256:659ae41af8708681fa3ec73f47b9735a6725e71c3b66ff570bfce78952f2314e"},
    {file = "libsass-0.21.0.tar.gz", hash = "sha256:d5ba529d9ce668be9380563279f3ffe988f27bc5b299c5a28453df2e0b0fbaf2"},
]
markdown2 = [
    {file = "markdown2-2.4.1-py2.py3-none-any.whl", hash = "sha256:93a29c5cad95b00d82908590548479638251c9188df449561f614d2f9756e15a"},
    {file = "markdown2-2.4.1.tar.gz", hash = "sha256:ce9265cf179c4e07934e7b6a4b03f3edb7891e66e6d0f7017755f6064bbbe13f"},
]
openpyxl = [
    {file = "openpyxl-3.0.9-py2.py3-none-any.whl", hash = "sha256:8f3b11bd896a95468a4ab162fc4fcd260d46157155d1f8bfaabb99d88cfcf79f"},
    {file = "openpyxl-3.0.9.tar.gz", hash = "sha256:40f568b9829bf9e446acfffce30250ac1fa39035124d55fc024025c41481c90f"},
]
pillow = [
    {file = "Pillow-8.4.0-cp310-cp310-macosx_10_10_universal2.whl", hash = "sha256:81f8d5c81e483a9442d72d182e1fb6dcb9723f289a57e8030811bac9ea3fef8d"},
    {file = "Pillow-8.4.0-cp310-cp310-macosx_11_0_arm64.whl", hash = "sha256:3f97cfb1e5a392d75dd8b9fd274d205404729923840ca94ca45a0af57e13dbe6"},
    {file = "Pillow-8.4.0-cp310-cp310-manylinux_2_17_aarch64.manylinux2014_aarch64.whl", hash = "sha256:eb9fc393f3c61f9054e1ed26e6fe912c7321af2f41ff49d3f83d05bacf22cc78"},
    {file = "Pillow-8.4.0-cp310-cp310-manylinux_2_17_i686.manylinux2014_i686.whl", hash = "sha256:d82cdb63100ef5eedb8391732375e6d05993b765f72cb34311fab92103314649"},
    {file = "Pillow-8.4.0-cp310-cp310-manylinux_2_17_x86_64.manylinux2014_x86_64.whl", hash = "sha256:62cc1afda735a8d109007164714e73771b499768b9bb5afcbbee9d0ff374b43f"},
    {file = "Pillow-8.4.0-cp310-cp310-win32.whl", hash = "sha256:e3dacecfbeec9a33e932f00c6cd7996e62f53ad46fbe677577394aaa90ee419a"},
    {file = "Pillow-8.4.0-cp310-cp310-win_amd64.whl", hash = "sha256:620582db2a85b2df5f8a82ddeb52116560d7e5e6b055095f04ad828d1b0baa39"},
    {file = "Pillow-8.4.0-cp36-cp36m-macosx_10_10_x86_64.whl", hash = "sha256:1bc723b434fbc4ab50bb68e11e93ce5fb69866ad621e3c2c9bdb0cd70e345f55"},
    {file = "Pillow-8.4.0-cp36-cp36m-manylinux_2_17_aarch64.manylinux2014_aarch64.whl", hash = "sha256:72cbcfd54df6caf85cc35264c77ede902452d6df41166010262374155947460c"},
    {file = "Pillow-8.4.0-cp36-cp36m-manylinux_2_17_i686.manylinux2014_i686.whl", hash = "sha256:70ad9e5c6cb9b8487280a02c0ad8a51581dcbbe8484ce058477692a27c151c0a"},
    {file = "Pillow-8.4.0-cp36-cp36m-manylinux_2_17_x86_64.manylinux2014_x86_64.whl", hash = "sha256:25a49dc2e2f74e65efaa32b153527fc5ac98508d502fa46e74fa4fd678ed6645"},
    {file = "Pillow-8.4.0-cp36-cp36m-win32.whl", hash = "sha256:93ce9e955cc95959df98505e4608ad98281fff037350d8c2671c9aa86bcf10a9"},
    {file = "Pillow-8.4.0-cp36-cp36m-win_amd64.whl", hash = "sha256:2e4440b8f00f504ee4b53fe30f4e381aae30b0568193be305256b1462216feff"},
    {file = "Pillow-8.4.0-cp37-cp37m-macosx_10_10_x86_64.whl", hash = "sha256:8c803ac3c28bbc53763e6825746f05cc407b20e4a69d0122e526a582e3b5e153"},
    {file = "Pillow-8.4.0-cp37-cp37m-manylinux_2_17_aarch64.manylinux2014_aarch64.whl", hash = "sha256:c8a17b5d948f4ceeceb66384727dde11b240736fddeda54ca740b9b8b1556b29"},
    {file = "Pillow-8.4.0-cp37-cp37m-manylinux_2_17_i686.manylinux2014_i686.whl", hash = "sha256:1394a6ad5abc838c5cd8a92c5a07535648cdf6d09e8e2d6df916dfa9ea86ead8"},
    {file = "Pillow-8.4.0-cp37-cp37m-manylinux_2_17_x86_64.manylinux2014_x86_64.whl", hash = "sha256:792e5c12376594bfcb986ebf3855aa4b7c225754e9a9521298e460e92fb4a488"},
    {file = "Pillow-8.4.0-cp37-cp37m-win32.whl", hash = "sha256:d99ec152570e4196772e7a8e4ba5320d2d27bf22fdf11743dd882936ed64305b"},
    {file = "Pillow-8.4.0-cp37-cp37m-win_amd64.whl", hash = "sha256:7b7017b61bbcdd7f6363aeceb881e23c46583739cb69a3ab39cb384f6ec82e5b"},
    {file = "Pillow-8.4.0-cp38-cp38-macosx_10_10_x86_64.whl", hash = "sha256:d89363f02658e253dbd171f7c3716a5d340a24ee82d38aab9183f7fdf0cdca49"},
    {file = "Pillow-8.4.0-cp38-cp38-macosx_11_0_arm64.whl", hash = "sha256:0a0956fdc5defc34462bb1c765ee88d933239f9a94bc37d132004775241a7585"},
    {file = "Pillow-8.4.0-cp38-cp38-manylinux_2_17_aarch64.manylinux2014_aarch64.whl", hash = "sha256:5b7bb9de00197fb4261825c15551adf7605cf14a80badf1761d61e59da347779"},
    {file = "Pillow-8.4.0-cp38-cp38-manylinux_2_17_i686.manylinux2014_i686.whl", hash = "sha256:72b9e656e340447f827885b8d7a15fc8c4e68d410dc2297ef6787eec0f0ea409"},
    {file = "Pillow-8.4.0-cp38-cp38-manylinux_2_17_x86_64.manylinux2014_x86_64.whl", hash = "sha256:a5a4532a12314149d8b4e4ad8ff09dde7427731fcfa5917ff16d0291f13609df"},
    {file = "Pillow-8.4.0-cp38-cp38-win32.whl", hash = "sha256:82aafa8d5eb68c8463b6e9baeb4f19043bb31fefc03eb7b216b51e6a9981ae09"},
    {file = "Pillow-8.4.0-cp38-cp38-win_amd64.whl", hash = "sha256:066f3999cb3b070a95c3652712cffa1a748cd02d60ad7b4e485c3748a04d9d76"},
    {file = "Pillow-8.4.0-cp39-cp39-macosx_10_10_x86_64.whl", hash = "sha256:5503c86916d27c2e101b7f71c2ae2cddba01a2cf55b8395b0255fd33fa4d1f1a"},
    {file = "Pillow-8.4.0-cp39-cp39-macosx_11_0_arm64.whl", hash = "sha256:4acc0985ddf39d1bc969a9220b51d94ed51695d455c228d8ac29fcdb25810e6e"},
    {file = "Pillow-8.4.0-cp39-cp39-manylinux_2_17_aarch64.manylinux2014_aarch64.whl", hash = "sha256:0b052a619a8bfcf26bd8b3f48f45283f9e977890263e4571f2393ed8898d331b"},
    {file = "Pillow-8.4.0-cp39-cp39-manylinux_2_17_i686.manylinux2014_i686.whl", hash = "sha256:493cb4e415f44cd601fcec11c99836f707bb714ab03f5ed46ac25713baf0ff20"},
    {file = "Pillow-8.4.0-cp39-cp39-manylinux_2_17_x86_64.manylinux2014_x86_64.whl", hash = "sha256:b8831cb7332eda5dc89b21a7bce7ef6ad305548820595033a4b03cf3091235ed"},
    {file = "Pillow-8.4.0-cp39-cp39-win32.whl", hash = "sha256:5e9ac5f66616b87d4da618a20ab0a38324dbe88d8a39b55be8964eb520021e02"},
    {file = "Pillow-8.4.0-cp39-cp39-win_amd64.whl", hash = "sha256:3eb1ce5f65908556c2d8685a8f0a6e989d887ec4057326f6c22b24e8a172c66b"},
    {file = "Pillow-8.4.0-pp36-pypy36_pp73-macosx_10_10_x86_64.whl", hash = "sha256:ddc4d832a0f0b4c52fff973a0d44b6c99839a9d016fe4e6a1cb8f3eea96479c2"},
    {file = "Pillow-8.4.0-pp36-pypy36_pp73-manylinux_2_17_i686.manylinux2014_i686.whl", hash = "sha256:9a3e5ddc44c14042f0844b8cf7d2cd455f6cc80fd7f5eefbe657292cf601d9ad"},
    {file = "Pillow-8.4.0-pp36-pypy36_pp73-manylinux_2_17_x86_64.manylinux2014_x86_64.whl", hash = "sha256:c70e94281588ef053ae8998039610dbd71bc509e4acbc77ab59d7d2937b10698"},
    {file = "Pillow-8.4.0-pp37-pypy37_pp73-macosx_10_10_x86_64.whl", hash = "sha256:3862b7256046fcd950618ed22d1d60b842e3a40a48236a5498746f21189afbbc"},
    {file = "Pillow-8.4.0-pp37-pypy37_pp73-manylinux_2_17_i686.manylinux2014_i686.whl", hash = "sha256:a4901622493f88b1a29bd30ec1a2f683782e57c3c16a2dbc7f2595ba01f639df"},
    {file = "Pillow-8.4.0-pp37-pypy37_pp73-manylinux_2_17_x86_64.manylinux2014_x86_64.whl", hash = "sha256:84c471a734240653a0ec91dec0996696eea227eafe72a33bd06c92697728046b"},
    {file = "Pillow-8.4.0-pp37-pypy37_pp73-win_amd64.whl", hash = "sha256:244cf3b97802c34c41905d22810846802a3329ddcb93ccc432870243211c79fc"},
    {file = "Pillow-8.4.0.tar.gz", hash = "sha256:b8e2f83c56e141920c39464b852de3719dfbfb6e3c99a2d8da0edf4fb33176ed"},
]
psycopg2 = [
    {file = "psycopg2-2.9.1-cp36-cp36m-win32.whl", hash = "sha256:7f91312f065df517187134cce8e395ab37f5b601a42446bdc0f0d51773621854"},
    {file = "psycopg2-2.9.1-cp36-cp36m-win_amd64.whl", hash = "sha256:830c8e8dddab6b6716a4bf73a09910c7954a92f40cf1d1e702fb93c8a919cc56"},
    {file = "psycopg2-2.9.1-cp37-cp37m-win32.whl", hash = "sha256:89409d369f4882c47f7ea20c42c5046879ce22c1e4ea20ef3b00a4dfc0a7f188"},
    {file = "psycopg2-2.9.1-cp37-cp37m-win_amd64.whl", hash = "sha256:7640e1e4d72444ef012e275e7b53204d7fab341fb22bc76057ede22fe6860b25"},
    {file = "psycopg2-2.9.1-cp38-cp38-win32.whl", hash = "sha256:079d97fc22de90da1d370c90583659a9f9a6ee4007355f5825e5f1c70dffc1fa"},
    {file = "psycopg2-2.9.1-cp38-cp38-win_amd64.whl", hash = "sha256:2c992196719fadda59f72d44603ee1a2fdcc67de097eea38d41c7ad9ad246e62"},
    {file = "psycopg2-2.9.1-cp39-cp39-win32.whl", hash = "sha256:2087013c159a73e09713294a44d0c8008204d06326006b7f652bef5ace66eebb"},
    {file = "psycopg2-2.9.1-cp39-cp39-win_amd64.whl", hash = "sha256:bf35a25f1aaa8a3781195595577fcbb59934856ee46b4f252f56ad12b8043bcf"},
    {file = "psycopg2-2.9.1.tar.gz", hash = "sha256:de5303a6f1d0a7a34b9d40e4d3bef684ccc44a49bbe3eb85e3c0bffb4a131b7c"},
]
python-dateutil = [
    {file = "python-dateutil-2.8.2.tar.gz", hash = "sha256:0123cacc1627ae19ddf3c27a5de5bd67ee4586fbdd6440d9748f8abb483d3e86"},
    {file = "python_dateutil-2.8.2-py2.py3-none-any.whl", hash = "sha256:961d03dc3453ebbc59dbdea9e4e11c5651520a876d0f4db161e8674aae935da9"},
]
pytz = [
    {file = "pytz-2021.3-py2.py3-none-any.whl", hash = "sha256:3672058bc3453457b622aab7a1c3bfd5ab0bdae451512f6cf25f64ed37f5b87c"},
    {file = "pytz-2021.3.tar.gz", hash = "sha256:acad2d8b20a1af07d4e4c9d2e9285c5ed9104354062f275f3fcd88dcef4f1326"},
]
rcssmin = [
    {file = "rcssmin-1.0.6.tar.gz", hash = "sha256:ca87b695d3d7864157773a61263e5abb96006e9ff0e021eff90cbe0e1ba18270"},
]
requests = [
    {file = "requests-2.26.0-py2.py3-none-any.whl", hash = "sha256:6c1246513ecd5ecd4528a0906f910e8f0f9c6b8ec72030dc9fd154dc1a6efd24"},
    {file = "requests-2.26.0.tar.gz", hash = "sha256:b8aa58f8cf793ffd8782d3d8cb19e66ef36f7aba4353eec859e74678b01b07a7"},
]
rjsmin = [
    {file = "rjsmin-1.1.0-cp27-cp27m-manylinux1_i686.whl", hash = "sha256:799890bd07a048892d8d3deb9042dbc20b7f5d0eb7da91e9483c561033b23ce2"},
    {file = "rjsmin-1.1.0-cp27-cp27m-manylinux1_x86_64.whl", hash = "sha256:211c2fe8298951663bbc02acdffbf714f6793df54bfc50e1c6c9e71b3f2559a3"},
    {file = "rjsmin-1.1.0-cp27-cp27mu-manylinux1_i686.whl", hash = "sha256:585e75a84d9199b68056fd4a083d9a61e2a92dfd10ff6d4ce5bdb04bc3bdbfaf"},
    {file = "rjsmin-1.1.0-cp27-cp27mu-manylinux1_x86_64.whl", hash = "sha256:e487a7783ac4339e79ec610b98228eb9ac72178973e3dee16eba0e3feef25924"},
    {file = "rjsmin-1.1.0-cp34-cp34m-manylinux1_i686.whl", hash = "sha256:0ab825839125eaca57cc59581d72e596e58a7a56fbc0839996b7528f0343a0a8"},
    {file = "rjsmin-1.1.0-cp34-cp34m-manylinux1_x86_64.whl", hash = "sha256:6044ca86e917cd5bb2f95e6679a4192cef812122f28ee08c677513de019629b3"},
    {file = "rjsmin-1.1.0-cp35-cp35m-manylinux1_i686.whl", hash = "sha256:ecd29f1b3e66a4c0753105baec262b331bcbceefc22fbe6f7e8bcd2067bcb4d7"},
    {file = "rjsmin-1.1.0-cp35-cp35m-manylinux1_x86_64.whl", hash = "sha256:975b69754d6a76be47c0bead12367a1ca9220d08e5393f80bab0230d4625d1f4"},
    {file = "rjsmin-1.1.0-cp36-cp36m-manylinux1_i686.whl", hash = "sha256:466fe70cc5647c7c51b3260c7e2e323a98b2b173564247f9c89e977720a0645f"},
    {file = "rjsmin-1.1.0-cp36-cp36m-manylinux1_x86_64.whl", hash = "sha256:e3908b21ebb584ce74a6ac233bdb5f29485752c9d3be5e50c5484ed74169232c"},
    {file = "rjsmin-1.1.0-cp37-cp37m-manylinux1_i686.whl", hash = "sha256:714329db774a90947e0e2086cdddb80d5e8c4ac1c70c9f92436378dedb8ae345"},
    {file = "rjsmin-1.1.0-cp37-cp37m-manylinux1_x86_64.whl", hash = "sha256:dd0f4819df4243ffe4c964995794c79ca43943b5b756de84be92b445a652fb86"},
    {file = "rjsmin-1.1.0.tar.gz", hash = "sha256:b15dc75c71f65d9493a8c7fa233fdcec823e3f1b88ad84a843ffef49b338ac32"},
]
six = [
    {file = "six-1.16.0-py2.py3-none-any.whl", hash = "sha256:8abb2f1d86890a2dfb989f9a77cfcfd3e47c2a354b01111771326f8aa26e0254"},
    {file = "six-1.16.0.tar.gz", hash = "sha256:1e61c37477a1626458e36f7b1d82aa5c9b094fa4802892072e49de9c60c4c926"},
]
smartypants = [
    {file = "smartypants-2.0.1-py2.py3-none-any.whl", hash = "sha256:8db97f7cbdf08d15b158a86037cd9e116b4cf37703d24e0419a0d64ca5808f0d"},
]
soupsieve = [
    {file = "soupsieve-2.3-py3-none-any.whl", hash = "sha256:617ffc4d0dfd39c66f4d1413a6e165663a34eca86be9b54f97b91756300ff6df"},
    {file = "soupsieve-2.3.tar.gz", hash = "sha256:e4860f889dfa88774c07da0b276b70c073b6470fa1a4a8350800bb7bce3dcc76"},
]
sqlparse = [
    {file = "sqlparse-0.4.2-py3-none-any.whl", hash = "sha256:48719e356bb8b42991bdbb1e8b83223757b93789c00910a616a071910ca4a64d"},
    {file = "sqlparse-0.4.2.tar.gz", hash = "sha256:0c00730c74263a94e5a9919ade150dfc3b19c574389985446148402998287dae"},
]
tablib = [
    {file = "tablib-3.1.0-py3-none-any.whl", hash = "sha256:26141c9cf2d5904a2228d3f5d45f8a46a3f3f2f0fbb4c33b4a1c1ddca9f31348"},
    {file = "tablib-3.1.0.tar.gz", hash = "sha256:d64c9f6712918a3d90ec5d71b44b8bab1083e3609e4844ad2be80eb633e097ed"},
]
telepath = [
    {file = "telepath-0.2-py35-none-any.whl", hash = "sha256:801615094d3d964e178183099bf04020f4ff9c84ec43945d40b096df0a5767ee"},
    {file = "telepath-0.2.tar.gz", hash = "sha256:ef4cf2a45ed1908c58639c346756955f8a73ae79002a8116d596b3fd702bf84c"},
]
typing-extensions = [
    {file = "typing_extensions-3.10.0.2-py2-none-any.whl", hash = "sha256:d8226d10bc02a29bcc81df19a26e56a9647f8b0a6d4a83924139f4a8b01f17b7"},
    {file = "typing_extensions-3.10.0.2-py3-none-any.whl", hash = "sha256:f1d25edafde516b146ecd0613dabcc61409817af4766fbbcfb8d1ad4ec441a34"},
    {file = "typing_extensions-3.10.0.2.tar.gz", hash = "sha256:49f75d16ff11f1cd258e1b988ccff82a3ca5570217d7ad8c5f48205dd99a677e"},
]
urllib3 = [
    {file = "urllib3-1.26.7-py2.py3-none-any.whl", hash = "sha256:c4fdf4019605b6e5423637e01bc9fe4daef873709a7973e195ceba0a62bbc844"},
    {file = "urllib3-1.26.7.tar.gz", hash = "sha256:4987c65554f7a2dbf30c18fd48778ef124af6fab771a377103da0585e2336ece"},
]
wagtail = [
    {file = "wagtail-2.15-py3-none-any.whl", hash = "sha256:5a8f59e46179a7f13b9ba3da3ab1d3c274da373854882741ca507f4bc0131e2f"},
    {file = "wagtail-2.15.tar.gz", hash = "sha256:2ee964bca4888bd12301c36fa8e22d75fc144b6811c0077d22c642cb9a00a1f2"},
]
wagtail-cache = [
    {file = "wagtail-cache-1.0.2.tar.gz", hash = "sha256:589e523262fc0c39ecb82856a56bac8f3dec1c5276cea9e1ba23b1b843b9551b"},
    {file = "wagtail_cache-1.0.2-py3-none-any.whl", hash = "sha256:04a638f1cb8c32e89d6227799e6b59d9d472c8a5577355600ae4ed4a6f2b90b5"},
]
wagtailfontawesome = [
    {file = "wagtailfontawesome-1.2.1-py2.py3-none-any.whl", hash = "sha256:76b1c64c4f1042d468a83e4352f74b57bda4a4aa09cdfeeb8663dead5ed632be"},
    {file = "wagtailfontawesome-1.2.1.tar.gz", hash = "sha256:6c1bd2d6061880848de6374ceb75d38a8c9b0debb1d4aef8a2fdc9d565a8f417"},
]
wagtailmedia = [
    {file = "wagtailmedia-0.6.0-py2.py3-none-any.whl", hash = "sha256:386c45f6c8913cdf66d4a44f043c24db02c13299d5aef5154d045ef67e004bf6"},
    {file = "wagtailmedia-0.6.0.tar.gz", hash = "sha256:9d85b92714d1a8b71c8a065541ef1493d4faee01bf42f406046ff10378a2062d"},
]
webencodings = [
    {file = "webencodings-0.5.1-py2.py3-none-any.whl", hash = "sha256:a0af1213f3c2226497a97e2b3aa01a7e4bee4f403f95be16fc9acd2947514a78"},
    {file = "webencodings-0.5.1.tar.gz", hash = "sha256:b36a1c245f2d304965eb4e0a82848379241dc04b865afcc4aab16748587e1923"},
]
werkzeug = [
    {file = "Werkzeug-1.0.1-py2.py3-none-any.whl", hash = "sha256:2de2a5db0baeae7b2d2664949077c2ac63fbd16d98da0ff71837f7d1dea3fd43"},
    {file = "Werkzeug-1.0.1.tar.gz", hash = "sha256:6c80b1e5ad3665290ea39320b91e1be1e0d5f60652b964a3070216de83d2e47c"},
]
willow = [
    {file = "Willow-1.4-py2.py3-none-any.whl", hash = "sha256:698f755fc6bfb8984ac8550f470a0cb630ec1e628287475315d4d1e7595d7337"},
    {file = "Willow-1.4.tar.gz", hash = "sha256:cde01e054c510284ac3459d6b531e1653a58e33a735706ac27905a94fe81742c"},
]
xlrd = [
    {file = "xlrd-2.0.1-py2.py3-none-any.whl", hash = "sha256:6a33ee89877bd9abc1158129f6e94be74e2679636b8a205b43b85206c3f0bbdd"},
    {file = "xlrd-2.0.1.tar.gz", hash = "sha256:f72f148f54442c6b056bf931dbc34f986fd0c3b0b6b5a58d013c9aef274d0c88"},
]
xlsxwriter = [
    {file = "XlsxWriter-3.0.2-py3-none-any.whl", hash = "sha256:1aa65166697c42284e82f5bf9a33c2e913341eeef2b262019c3f5b5334768765"},
    {file = "XlsxWriter-3.0.2.tar.gz", hash = "sha256:53005f03e8eb58f061ebf41d5767c7495ee0772c2396fe26b7e0ca22fa9c2570"},
]
xlwt = [
    {file = "xlwt-1.3.0-py2.py3-none-any.whl", hash = "sha256:a082260524678ba48a297d922cc385f58278b8aa68741596a87de01a9c628b2e"},
    {file = "xlwt-1.3.0.tar.gz", hash = "sha256:c59912717a9b28f1a3c2a98fd60741014b06b043936dcecbc113eaaada156c88"},
]
